// !$*UTF8*$!
{
	archiveVersion = 1;
	classes = {
	};
	objectVersion = 77;
	objects = {

/* Begin PBXBuildFile section */
		00E12C0E0B5C03FC82CAA763 /* DeepFocusStatsReportView.swift in Sources */ = {isa = PBXBuildFile; fileRef = F0473ACA56E9FD98B765D1A5 /* DeepFocusStatsReportView.swift */; };
		05A4E94740B3822DF32846A2 /* HardFocusAgentManager.swift in Sources */ = {isa = PBXBuildFile; fileRef = 034819C4AD6863939B8A97A4 /* HardFocusAgentManager.swift */; };
		07373834032FFBC55E3FE5BC /* TodoFocusWidgetsBundle.swift in Sources */ = {isa = PBXBuildFile; fileRef = 43F4E3FD7CC651BADA474160 /* TodoFocusWidgetsBundle.swift */; };
		087809BC66AE962FA0518A3E /* DeepFocusReportView.swift in Sources */ = {isa = PBXBuildFile; fileRef = 2504E4980F2F0A6C58014D11 /* DeepFocusReportView.swift */; };
		0DE2C0C815D0F79A3F3BFCD9 /* DeepFocusMenuBarPanel.swift in Sources */ = {isa = PBXBuildFile; fileRef = A4B2E637FB68A3509DEF191A /* DeepFocusMenuBarPanel.swift */; };
		0EDA51E619FC88E2BF87629B /* VisualTokens.swift in Sources */ = {isa = PBXBuildFile; fileRef = 80CC7B115E98F0487D59FC4C /* VisualTokens.swift */; };
		0F70D4013B41F9FBC4C4C4CB /* FeatureBehaviorTests.swift in Sources */ = {isa = PBXBuildFile; fileRef = 4B2BAFAFCA61F7CE9BF74C85 /* FeatureBehaviorTests.swift */; };
		10341A4956E2D5A4DCB19F6A /* StepRepositoryTests.swift in Sources */ = {isa = PBXBuildFile; fileRef = 74B6BB22FC0D4D6E37269721 /* StepRepositoryTests.swift */; };
		16ACF235ABA07CC911031068 /* LaunchResourceValidation.swift in Sources */ = {isa = PBXBuildFile; fileRef = 0BD67E5BD83F1A8B609F0661 /* LaunchResourceValidation.swift */; };
		17B573B6B5E9AC9AE93BDF39 /* TodoAppStoreTests.swift in Sources */ = {isa = PBXBuildFile; fileRef = 10C4E9EB9EEDE55EC25A2997 /* TodoAppStoreTests.swift */; };
		1B29CD200852FFA0C2032B8F /* ListRepository.swift in Sources */ = {isa = PBXBuildFile; fileRef = 6B9E972A5D6A75831750C718 /* ListRepository.swift */; };
		1B657D8D1A98A8F91A6CBBB5 /* MigrationTests.swift in Sources */ = {isa = PBXBuildFile; fileRef = 3AB414833F47C20B5284EA0B /* MigrationTests.swift */; };
		1D1D43DF8BC675823A12F3FB /* TodoFocusAgent in Embed Dependencies */ = {isa = PBXBuildFile; fileRef = B6D04E4A532D24A131DABCEB /* TodoFocusAgent */; settings = {ATTRIBUTES = (RemoveHeadersOnCopy, ); }; };
		1F174A73A98E17EDE018CB3A /* AgentHeartbeatRecordTests.swift in Sources */ = {isa = PBXBuildFile; fileRef = 711B45181613FE1BF17FFFCC /* AgentHeartbeatRecordTests.swift */; };
		207C83314051B92B1810A45A /* Todo.swift in Sources */ = {isa = PBXBuildFile; fileRef = 417BF9D384CB7E95497290B3 /* Todo.swift */; };
		20AA60BA6B96F4EE69ED19A3 /* AgentSessionController.swift in Sources */ = {isa = PBXBuildFile; fileRef = AC643C7BAC3501E9EFCC810F /* AgentSessionController.swift */; };
		22DEC2A9F2055F21D3C2F84B /* TodoQuery.swift in Sources */ = {isa = PBXBuildFile; fileRef = 03542634FD66D0DA72745A3B /* TodoQuery.swift */; };
		243B5B18ADC816895A198044 /* ThemeStore.swift in Sources */ = {isa = PBXBuildFile; fileRef = 6A0EACE45650F8B34190D4A3 /* ThemeStore.swift */; };
		2478E09007414B82EC20501B /* TodoFocusMacApp.swift in Sources */ = {isa = PBXBuildFile; fileRef = C714727C5D2521DFF716DC5F /* TodoFocusMacApp.swift */; };
		2488D4F86087E1711676B089 /* TimeFilterTests.swift in Sources */ = {isa = PBXBuildFile; fileRef = 6EDF00C67B73AFD0EEAD7E8C /* TimeFilterTests.swift */; };
		268444DAD5DD06F74FABDF31 /* QuickCapturePanel.swift in Sources */ = {isa = PBXBuildFile; fileRef = 2DCDE1A9D59AEFBB5E780485 /* QuickCapturePanel.swift */; };
		268C75C1B8CFC0C6F9D5083B /* TodoRepository.swift in Sources */ = {isa = PBXBuildFile; fileRef = 9BC2D82AE6A92695B56A24B3 /* TodoRepository.swift */; };
		2869769AE26387E66909511A /* DailyReviewBoard.swift in Sources */ = {isa = PBXBuildFile; fileRef = 300362A9AC2F5216AB719E68 /* DailyReviewBoard.swift */; };
		28ACC25618CB3B0DD094C485 /* QuickAddNaturalLanguageParserTests.swift in Sources */ = {isa = PBXBuildFile; fileRef = 28871DC8EDACA8A843BBC9B2 /* QuickAddNaturalLanguageParserTests.swift */; };
		2996E34CF83FB29C7CCF0500 /* DeepFocusTemplateStoreTests.swift in Sources */ = {isa = PBXBuildFile; fileRef = CD2CD5B74E5D46555A530C5A /* DeepFocusTemplateStoreTests.swift */; };
		2A77C39A5E1C252544AB40F1 /* LaunchResourceEditorView.swift in Sources */ = {isa = PBXBuildFile; fileRef = BE07B39987D458DF0BF2B7D5 /* LaunchResourceEditorView.swift */; };
		2A88F26958747C1D0F5262B7 /* AgentHeartbeatRecord.swift in Sources */ = {isa = PBXBuildFile; fileRef = 025B848CBBD747A4848B0FA8 /* AgentHeartbeatRecord.swift */; };
		2C0D092C397234106188359E /* TimeFilter.swift in Sources */ = {isa = PBXBuildFile; fileRef = B00F7F32AC8B9D5FF79A2F67 /* TimeFilter.swift */; };
		2C474F67BB3ADD3769E126E3 /* GRDB in Frameworks */ = {isa = PBXBuildFile; productRef = 3C14523A1F60CB034FBD9527 /* GRDB */; };
		2D6BE558DD2AB44D6424DDD7 /* StepRepository.swift in Sources */ = {isa = PBXBuildFile; fileRef = 988EA3A536904886FAC704C1 /* StepRepository.swift */; };
		32FBE87DD9EB80B6D5112D8A /* HardFocusSessionManagerTests.swift in Sources */ = {isa = PBXBuildFile; fileRef = 9648E11182E6DEA84D7C6626 /* HardFocusSessionManagerTests.swift */; };
		3895DA57338477A9F7464FB0 /* AgentHeartbeatRecord.swift in Sources */ = {isa = PBXBuildFile; fileRef = 025B848CBBD747A4848B0FA8 /* AgentHeartbeatRecord.swift */; };
		398F21706296FAAA014823D5 /* TodoAppStore.swift in Sources */ = {isa = PBXBuildFile; fileRef = 92EF39FF31F1FD2127E4C901 /* TodoAppStore.swift */; };
		3B49F5A7AF6439E2453FC53B /* List.swift in Sources */ = {isa = PBXBuildFile; fileRef = 3B0FBC628810409AC97FA334 /* List.swift */; };
		3C6F2349B5015A515214E282 /* AppSelectionStateTests.swift in Sources */ = {isa = PBXBuildFile; fileRef = DC3CDF2379D349CC273493E5 /* AppSelectionStateTests.swift */; };
		3F046D236FE88C3F72BC1407 /* AgentDatabase.swift in Sources */ = {isa = PBXBuildFile; fileRef = 6963116D658CFF84A42B30E8 /* AgentDatabase.swift */; };
		460E2FF0EC5F13E47EC00164 /* QuickCaptureView.swift in Sources */ = {isa = PBXBuildFile; fileRef = 323346B382149D01274C33F2 /* QuickCaptureView.swift */; };
		47F5DFB75F5754B0E0DACAFB /* SidebarView.swift in Sources */ = {isa = PBXBuildFile; fileRef = 3D33F3EBD610561E79741C23 /* SidebarView.swift */; };
		49C094D18BEB5BD380E70B5B /* ResizableSplitView.swift in Sources */ = {isa = PBXBuildFile; fileRef = 085B1E712E2F332EBC0416BB /* ResizableSplitView.swift */; };
		4AC71EE5815AC94388EAB685 /* HardFocusSessionRecordTests.swift in Sources */ = {isa = PBXBuildFile; fileRef = E72D997E60421BA37BC058B1 /* HardFocusSessionRecordTests.swift */; };
		4CA6ED27D39773B7F998AE1D /* ExportService.swift in Sources */ = {isa = PBXBuildFile; fileRef = 19458B7C988B347EA18FCFF7 /* ExportService.swift */; };
		4CE24FFE60180831BD73DE60 /* WindowPersistenceTests.swift in Sources */ = {isa = PBXBuildFile; fileRef = 8CA53AF462BCDF9BF9DFD547 /* WindowPersistenceTests.swift */; };
		4E17CF9179472B347B4B7E8D /* HardFocusSessionRepository.swift in Sources */ = {isa = PBXBuildFile; fileRef = D71E865977B18B59F958122D /* HardFocusSessionRepository.swift */; };
		4E502D71D14C35BD7194756F /* WindowPersistence.swift in Sources */ = {isa = PBXBuildFile; fileRef = 2983BB79FF8DA2AC19883045 /* WindowPersistence.swift */; };
		5543700716C62441E47C8B5D /* DeepFocusMenuBarState.swift in Sources */ = {isa = PBXBuildFile; fileRef = 07B9BB691054BF0047578831 /* DeepFocusMenuBarState.swift */; };
		5E58FB1D3B728345614D7D19 /* DailyReviewWidgetView.swift in Sources */ = {isa = PBXBuildFile; fileRef = 81AAACF970615DDA322C2403 /* DailyReviewWidgetView.swift */; };
		5FD60125EFC0965590F89843 /* HardFocusInProcessEnforcer.swift in Sources */ = {isa = PBXBuildFile; fileRef = 1C5CA8CF25F37C0C4358BE53 /* HardFocusInProcessEnforcer.swift */; };
		5FE5CEFFCC3BE1941268700E /* DailyReviewWidget.swift in Sources */ = {isa = PBXBuildFile; fileRef = 1029B9E04898D7E4C826988D /* DailyReviewWidget.swift */; };
		60D8A3C1568B684F79056582 /* HardFocusSessionRecord.swift in Sources */ = {isa = PBXBuildFile; fileRef = 8C99E94CB7B7C3EA623D65CE /* HardFocusSessionRecord.swift */; };
		639E4502F5B1767422B7A161 /* AppModelTests.swift in Sources */ = {isa = PBXBuildFile; fileRef = 81F49BBBD3470E39E67D6825 /* AppModelTests.swift */; };
		64CAC0EE2BA2F5B20FAEB504 /* SmartListFilterTests.swift in Sources */ = {isa = PBXBuildFile; fileRef = 2DA53D4632EFDA5206A1C1A8 /* SmartListFilterTests.swift */; };
		652B5E948824C3E5FB9D0F85 /* TodoAppStoreSelectionTests.swift in Sources */ = {isa = PBXBuildFile; fileRef = 949D723E4C031395230F5093 /* TodoAppStoreSelectionTests.swift */; };
		6623B1AB16AF877951B1083A /* QuickAddNaturalLanguageParser.swift in Sources */ = {isa = PBXBuildFile; fileRef = BC092BBEC0446A8B33FF3E7A /* QuickAddNaturalLanguageParser.swift */; };
		67ED88BEBF2651E62E8D23A0 /* TodoRecord.swift in Sources */ = {isa = PBXBuildFile; fileRef = 5CC15A3652F4971562B5E623 /* TodoRecord.swift */; };
		6A15C18C3286FEF1BADE86A6 /* TodoFocusWidgetExtension.appex in Embed Dependencies */ = {isa = PBXBuildFile; fileRef = 8BA047B3FCA10CC6352DF7F8 /* TodoFocusWidgetExtension.appex */; settings = {ATTRIBUTES = (RemoveHeadersOnCopy, ); }; };
		6D031A2F8932B61B8EC44ED9 /* DeepFocusTimerNotifier.swift in Sources */ = {isa = PBXBuildFile; fileRef = 6F213B8DC45CE5527CE01193 /* DeepFocusTimerNotifier.swift */; };
		6EBDB9251FCFF084D803836F /* GRDB in Frameworks */ = {isa = PBXBuildFile; productRef = 24C8B9242CA9CA31D8088E71 /* GRDB */; };
		72265A1B4F06BA340DDAABE8 /* DeepFocusTimerNotifierTests.swift in Sources */ = {isa = PBXBuildFile; fileRef = 2F36B8CD94963F72C3AF8041 /* DeepFocusTimerNotifierTests.swift */; };
		7727A349868810A7561C3E6D /* GRDB in Frameworks */ = {isa = PBXBuildFile; productRef = 37296F1B51752E30FD8B0936 /* GRDB */; };
		781B6888F9AD919B810D36D0 /* DailyReviewWidgetStore.swift in Sources */ = {isa = PBXBuildFile; fileRef = 06F1CD4026C983FCA9FAB971 /* DailyReviewWidgetStore.swift */; };
		7888AA64CCB1C0DAB036F4F1 /* LaunchResource.swift in Sources */ = {isa = PBXBuildFile; fileRef = 097E7ED1C1B06DA7A97EF3A3 /* LaunchResource.swift */; };
		795508C8F487E58F6E98CD5D /* DeepFocusTemplateStore.swift in Sources */ = {isa = PBXBuildFile; fileRef = CE401F3D927C9EED6BF8E073 /* DeepFocusTemplateStore.swift */; };
		7C125F5397E7BE71D0095463 /* AppGroupDatabasePath.swift in Sources */ = {isa = PBXBuildFile; fileRef = 96E58F663C2760243A4C31F1 /* AppGroupDatabasePath.swift */; };
		7C393C36F63C8BCD4A603DAC /* com.todofocus.hardfocus.agent.plist in Resources */ = {isa = PBXBuildFile; fileRef = 05B0DD7F35C2306166D65758 /* com.todofocus.hardfocus.agent.plist */; };
		82D99CCE3720B8974B8FD9AE /* InteractiveStyles.swift in Sources */ = {isa = PBXBuildFile; fileRef = 69D7E8E5ABB00A1C6EC8B171 /* InteractiveStyles.swift */; };
		8B060960481E419E2637AACA /* DatabaseManager.swift in Sources */ = {isa = PBXBuildFile; fileRef = 1FE1E72B6E3895D17014CE7C /* DatabaseManager.swift */; };
		8B5529DB40999FB77D54F419 /* TaskListView.swift in Sources */ = {isa = PBXBuildFile; fileRef = 30D5FE3587E551AA2AF551C4 /* TaskListView.swift */; };
		8BFAC4E3D3E5240169A0786F /* UIInteractionTokensTests.swift in Sources */ = {isa = PBXBuildFile; fileRef = DC15B7650F503558B4FBDD6D /* UIInteractionTokensTests.swift */; };
		8D1AF5857D6856A06AB31926 /* HardFocusSessionManager.swift in Sources */ = {isa = PBXBuildFile; fileRef = C4C02F3CCE23A226FC531579 /* HardFocusSessionManager.swift */; };
		8F24D1B5C9DE6DA6896DDB09 /* ExportServiceTests.swift in Sources */ = {isa = PBXBuildFile; fileRef = D82EB36E626694B5222FBD25 /* ExportServiceTests.swift */; };
		90D943479B3C84C14E3B8F4C /* Step.swift in Sources */ = {isa = PBXBuildFile; fileRef = 6D4D9C369AC0CDDFE5E2A4A6 /* Step.swift */; };
		9199B9A57495CE73F7B12A00 /* DeepFocusOverlayView.swift in Sources */ = {isa = PBXBuildFile; fileRef = 3625055382C151CD6384FAB6 /* DeepFocusOverlayView.swift */; };
		91CC7A7E8B17CA2E124C345D /* CoreTodo.swift in Sources */ = {isa = PBXBuildFile; fileRef = 173B7FBF596FE48369C865FF /* CoreTodo.swift */; };
		960A7BFB6248537F88BF1C75 /* Color+Hex.swift in Sources */ = {isa = PBXBuildFile; fileRef = 6B08E7687273C5B6DDBD4FD5 /* Color+Hex.swift */; };
		96149C89EF3F2CF60748146A /* DailyReviewViewTests.swift in Sources */ = {isa = PBXBuildFile; fileRef = 812E495363C7EE87B8EF21E1 /* DailyReviewViewTests.swift */; };
		970374ACC66A5F458D5E0F16 /* main.swift in Sources */ = {isa = PBXBuildFile; fileRef = 6500EEE2BFADD6031680B52E /* main.swift */; };
		976765295227DA3EF9FEC81A /* ThemeTokens.swift in Sources */ = {isa = PBXBuildFile; fileRef = 16E091CF73EAB5386C5F51AF /* ThemeTokens.swift */; };
		986AD017DEE8194C48D2351D /* DailyReviewWidgetEntry.swift in Sources */ = {isa = PBXBuildFile; fileRef = 98CC14165EF1DF01CB5A975E /* DailyReviewWidgetEntry.swift */; };
		98FEBD78B7C911D8AD057405 /* RootView.swift in Sources */ = {isa = PBXBuildFile; fileRef = 3CCE7E86937A152A989DCFCD /* RootView.swift */; };
		9C718797A145DDB359C7FA77 /* DailyReviewView.swift in Sources */ = {isa = PBXBuildFile; fileRef = D77C6B739E7EC643A862CA7E /* DailyReviewView.swift */; };
		9EF258AA9690DE211B9B90E3 /* ThemeEnvironment.swift in Sources */ = {isa = PBXBuildFile; fileRef = C041E259E1AA3D6238B2A360 /* ThemeEnvironment.swift */; };
		9F0592BDD879782AB111AE51 /* LaunchpadServiceTests.swift in Sources */ = {isa = PBXBuildFile; fileRef = 7E3A1DE3A9EA54D73DFC6448 /* LaunchpadServiceTests.swift */; };
		A06641EBAC9429CF7A200652 /* QuickAddView.swift in Sources */ = {isa = PBXBuildFile; fileRef = 4BC65359FCD8A661E494F8E6 /* QuickAddView.swift */; };
		A07A6F7772AE2B855A31DB11 /* SelectionState.swift in Sources */ = {isa = PBXBuildFile; fileRef = 2F3E319E19EF05FA501E7B85 /* SelectionState.swift */; };
		A0FBDFF3B725B51B7F153995 /* Migrations.swift in Sources */ = {isa = PBXBuildFile; fileRef = AE6C2B13C8E141A41A721EB9 /* Migrations.swift */; };
		A253EF4EAE3275AFB724ABB0 /* ListRecord.swift in Sources */ = {isa = PBXBuildFile; fileRef = 515BEFC0401BABD096FDF98D /* ListRecord.swift */; };
		A6567251923E066DBC16F466 /* TodoRepositoryTests.swift in Sources */ = {isa = PBXBuildFile; fileRef = A7AF6A4A3CE241E3341FE30A /* TodoRepositoryTests.swift */; };
		A693872DB3F46211434ECED4 /* DeepFocusServiceTests.swift in Sources */ = {isa = PBXBuildFile; fileRef = B960FC5EC323996AA47D3BC8 /* DeepFocusServiceTests.swift */; };
		AEC9F0528620AFF4E37F3BF4 /* DatabaseManager.swift in Sources */ = {isa = PBXBuildFile; fileRef = 1FE1E72B6E3895D17014CE7C /* DatabaseManager.swift */; };
		B07F7A049D33CF66EF2B42C5 /* HardFocusSessionRecord.swift in Sources */ = {isa = PBXBuildFile; fileRef = 8C99E94CB7B7C3EA623D65CE /* HardFocusSessionRecord.swift */; };
		B2798E9AF4190BC7DE249D7D /* TodoRecord.swift in Sources */ = {isa = PBXBuildFile; fileRef = 5CC15A3652F4971562B5E623 /* TodoRecord.swift */; };
		B2FE5800F1C2848B1C954FF4 /* LaunchResourceValidationTests.swift in Sources */ = {isa = PBXBuildFile; fileRef = 3DA7AAC0FF83F494BEC3E1A8 /* LaunchResourceValidationTests.swift */; };
		B9BDE784852FF7335CDF7724 /* DailyReviewBoard.swift in Sources */ = {isa = PBXBuildFile; fileRef = 300362A9AC2F5216AB719E68 /* DailyReviewBoard.swift */; };
		BFBBD59B4037AA904913FD7A /* DeepFocusMenuBarStateTests.swift in Sources */ = {isa = PBXBuildFile; fileRef = 857D40917DFCB9BFFA3D44A6 /* DeepFocusMenuBarStateTests.swift */; };
		C27609899EAE9347733CBD7D /* DeepFocusService.swift in Sources */ = {isa = PBXBuildFile; fileRef = D97B7432D8B38188F373B1AF /* DeepFocusService.swift */; };
		C2FEA8790A8A2C89D8C58905 /* TaskDetailView.swift in Sources */ = {isa = PBXBuildFile; fileRef = EDAD163056EA96CD2BF6C0D5 /* TaskDetailView.swift */; };
		C6FEECB981D89BDC58BA7EC9 /* Todo.swift in Sources */ = {isa = PBXBuildFile; fileRef = 417BF9D384CB7E95497290B3 /* Todo.swift */; };
		C7B156D886A5B380E43F8DAE /* AppEnforcer.swift in Sources */ = {isa = PBXBuildFile; fileRef = 18B19F63C7DDC218DDEF7B69 /* AppEnforcer.swift */; };
		C873786B788F91F014E6F313 /* HardFocusLockView.swift in Sources */ = {isa = PBXBuildFile; fileRef = 6E1A7EA5A09FF09EBC32F2AD /* HardFocusLockView.swift */; };
		CCD83328C673F343DC524362 /* TodoRowView.swift in Sources */ = {isa = PBXBuildFile; fileRef = EA83C04DBE6BA2D4990E7C67 /* TodoRowView.swift */; };
		CD78286DADAFB794C7933580 /* GRDB in Frameworks */ = {isa = PBXBuildFile; productRef = CE5F3BDE707034517F4204D9 /* GRDB */; };
		CE68D70D52B8AC25F5488A5A /* AppGroupDatabasePath.swift in Sources */ = {isa = PBXBuildFile; fileRef = 96E58F663C2760243A4C31F1 /* AppGroupDatabasePath.swift */; };
		D2DE83D790E60752968ACD55 /* Assets.xcassets in Resources */ = {isa = PBXBuildFile; fileRef = 3F7C7F2B40002DD63B8FFBD4 /* Assets.xcassets */; };
		D2F5C48FDC857B3D6D2B6E36 /* ImmersiveHeaderView.swift in Sources */ = {isa = PBXBuildFile; fileRef = 4CECDF3CE43A5D8655A27316 /* ImmersiveHeaderView.swift */; };
		D47CCAA280BB56FC203BAE6E /* ExportModels.swift in Sources */ = {isa = PBXBuildFile; fileRef = 3B1A2C850F597AAD8E6B8A1F /* ExportModels.swift */; };
		D489F9042CFCB3B6DA49ED59 /* Migrations.swift in Sources */ = {isa = PBXBuildFile; fileRef = AE6C2B13C8E141A41A721EB9 /* Migrations.swift */; };
		D5FCC9B4E8D47AE6534C5EA4 /* QuickAddHighlightingTextField.swift in Sources */ = {isa = PBXBuildFile; fileRef = 52E4D16A9DE70FBFF43904EE /* QuickAddHighlightingTextField.swift */; };
		DCB7C1425FC4D7CA492383F8 /* ShortcutHintBar.swift in Sources */ = {isa = PBXBuildFile; fileRef = 2B5633165F8175CAD2AB7A90 /* ShortcutHintBar.swift */; };
		E1F1A69B5A8BC1CDBE68F92B /* DailyReviewWidgetProvider.swift in Sources */ = {isa = PBXBuildFile; fileRef = 948B8D8B860D84D48808EFF5 /* DailyReviewWidgetProvider.swift */; };
		E2B1C6CACAC71BF0FDFA8FAC /* HardFocusIntegrationTests.swift in Sources */ = {isa = PBXBuildFile; fileRef = EB028DBEA94826E11F650EB4 /* HardFocusIntegrationTests.swift */; };
		E63935763D57E7925754DA11 /* StepRecord.swift in Sources */ = {isa = PBXBuildFile; fileRef = 6A7843ACD1FCEFBCAE938562 /* StepRecord.swift */; };
		E8709ACDA2AB39968E4DB49F /* AppModel.swift in Sources */ = {isa = PBXBuildFile; fileRef = 77780E76FD121D34BF6D7EE3 /* AppModel.swift */; };
		EBC046F37A1D1BFF0AE05BA6 /* AppGroupDatabasePath.swift in Sources */ = {isa = PBXBuildFile; fileRef = 96E58F663C2760243A4C31F1 /* AppGroupDatabasePath.swift */; };
		EE4B6195129CF4C3EF7E3DF8 /* LaunchpadService.swift in Sources */ = {isa = PBXBuildFile; fileRef = ABC90DAB9D3BCB9A0A483E24 /* LaunchpadService.swift */; };
		EF6BCA8F5969CF778AB4177C /* SettingsView.swift in Sources */ = {isa = PBXBuildFile; fileRef = 37E57A110208F11E16B211CA /* SettingsView.swift */; };
		F29884FDFC44D04D39363CDF /* TodoDetailMutationTests.swift in Sources */ = {isa = PBXBuildFile; fileRef = 0047BD03BFF1CB3B2F5A5143 /* TodoDetailMutationTests.swift */; };
		F59D8952A68ECA7794710C19 /* SmartList.swift in Sources */ = {isa = PBXBuildFile; fileRef = D2206266636D0C567F9A8BC5 /* SmartList.swift */; };
		F608887EF174F394604FA5CF /* HardFocusSessionRepository.swift in Sources */ = {isa = PBXBuildFile; fileRef = D71E865977B18B59F958122D /* HardFocusSessionRepository.swift */; };
		F6B9E9BCFE7CDC43C8016C89 /* TodoQueryTests.swift in Sources */ = {isa = PBXBuildFile; fileRef = B49658E6F7D71CC961B6F7F1 /* TodoQueryTests.swift */; };
		F8BAE001A72EA409825F041E /* QuickCaptureService.swift in Sources */ = {isa = PBXBuildFile; fileRef = 729482FCE1EC68FFAD05F576 /* QuickCaptureService.swift */; };
		FD5051CB1C64B7911DF6CF3E /* MotionTokens.swift in Sources */ = {isa = PBXBuildFile; fileRef = 557C0A5FAD5A80348079DDAA /* MotionTokens.swift */; };
/* End PBXBuildFile section */

/* Begin PBXContainerItemProxy section */
		0495F4D36888244E25AD85D0 /* PBXContainerItemProxy */ = {
			isa = PBXContainerItemProxy;
			containerPortal = FE0E6CDD0131E5ACC4975FD3 /* Project object */;
			proxyType = 1;
			remoteGlobalIDString = C2968D6AD9907402524E1675;
			remoteInfo = TodoFocusMac;
		};
		C0A7BEF0D8F6D457E3C9EDE4 /* PBXContainerItemProxy */ = {
			isa = PBXContainerItemProxy;
			containerPortal = FE0E6CDD0131E5ACC4975FD3 /* Project object */;
			proxyType = 1;
			remoteGlobalIDString = D104C4BB956205086B598F7D;
			remoteInfo = TodoFocusWidgetExtension;
		};
		DDADA53829C1E8BAC028C093 /* PBXContainerItemProxy */ = {
			isa = PBXContainerItemProxy;
			containerPortal = FE0E6CDD0131E5ACC4975FD3 /* Project object */;
			proxyType = 1;
			remoteGlobalIDString = 31D85DC8B11A34385F085654;
			remoteInfo = TodoFocusAgent;
		};
		ECEA80CCC2E90206E14B976D /* PBXContainerItemProxy */ = {
			isa = PBXContainerItemProxy;
			containerPortal = FE0E6CDD0131E5ACC4975FD3 /* Project object */;
			proxyType = 1;
			remoteGlobalIDString = C2968D6AD9907402524E1675;
			remoteInfo = TodoFocusMac;
		};
/* End PBXContainerItemProxy section */

/* Begin PBXCopyFilesBuildPhase section */
		3217ED6E5632B43D9CA72BFB /* Embed Dependencies */ = {
			isa = PBXCopyFilesBuildPhase;
			buildActionMask = 2147483647;
			dstPath = "";
			dstSubfolderSpec = 6;
			files = (
				1D1D43DF8BC675823A12F3FB /* TodoFocusAgent in Embed Dependencies */,
			);
			name = "Embed Dependencies";
			runOnlyForDeploymentPostprocessing = 0;
		};
		575BB6C006F71B07660CD6C5 /* Embed Dependencies */ = {
			isa = PBXCopyFilesBuildPhase;
			buildActionMask = 2147483647;
			dstPath = "";
			dstSubfolderSpec = 13;
			files = (
				6A15C18C3286FEF1BADE86A6 /* TodoFocusWidgetExtension.appex in Embed Dependencies */,
			);
			name = "Embed Dependencies";
			runOnlyForDeploymentPostprocessing = 0;
		};
/* End PBXCopyFilesBuildPhase section */

/* Begin PBXFileReference section */
		0047BD03BFF1CB3B2F5A5143 /* TodoDetailMutationTests.swift */ = {isa = PBXFileReference; lastKnownFileType = sourcecode.swift; path = TodoDetailMutationTests.swift; sourceTree = "<group>"; };
		025B848CBBD747A4848B0FA8 /* AgentHeartbeatRecord.swift */ = {isa = PBXFileReference; lastKnownFileType = sourcecode.swift; path = AgentHeartbeatRecord.swift; sourceTree = "<group>"; };
		034819C4AD6863939B8A97A4 /* HardFocusAgentManager.swift */ = {isa = PBXFileReference; lastKnownFileType = sourcecode.swift; path = HardFocusAgentManager.swift; sourceTree = "<group>"; };
		03542634FD66D0DA72745A3B /* TodoQuery.swift */ = {isa = PBXFileReference; lastKnownFileType = sourcecode.swift; path = TodoQuery.swift; sourceTree = "<group>"; };
		05B0DD7F35C2306166D65758 /* com.todofocus.hardfocus.agent.plist */ = {isa = PBXFileReference; lastKnownFileType = text.plist; path = com.todofocus.hardfocus.agent.plist; sourceTree = "<group>"; };
		06E0C999AE4AD500458E154A /* CoreTests.xctest */ = {isa = PBXFileReference; explicitFileType = wrapper.cfbundle; includeInIndex = 0; path = CoreTests.xctest; sourceTree = BUILT_PRODUCTS_DIR; };
		06F1CD4026C983FCA9FAB971 /* DailyReviewWidgetStore.swift */ = {isa = PBXFileReference; lastKnownFileType = sourcecode.swift; path = DailyReviewWidgetStore.swift; sourceTree = "<group>"; };
		07B9BB691054BF0047578831 /* DeepFocusMenuBarState.swift */ = {isa = PBXFileReference; lastKnownFileType = sourcecode.swift; path = DeepFocusMenuBarState.swift; sourceTree = "<group>"; };
		085B1E712E2F332EBC0416BB /* ResizableSplitView.swift */ = {isa = PBXFileReference; lastKnownFileType = sourcecode.swift; path = ResizableSplitView.swift; sourceTree = "<group>"; };
		097E7ED1C1B06DA7A97EF3A3 /* LaunchResource.swift */ = {isa = PBXFileReference; lastKnownFileType = sourcecode.swift; path = LaunchResource.swift; sourceTree = "<group>"; };
		0BD67E5BD83F1A8B609F0661 /* LaunchResourceValidation.swift */ = {isa = PBXFileReference; lastKnownFileType = sourcecode.swift; path = LaunchResourceValidation.swift; sourceTree = "<group>"; };
		0CBB93E177F1BAE2BD678353 /* TodoFocusMac.app */ = {isa = PBXFileReference; explicitFileType = wrapper.application; includeInIndex = 0; path = TodoFocusMac.app; sourceTree = BUILT_PRODUCTS_DIR; };
		1029B9E04898D7E4C826988D /* DailyReviewWidget.swift */ = {isa = PBXFileReference; lastKnownFileType = sourcecode.swift; path = DailyReviewWidget.swift; sourceTree = "<group>"; };
		10C4E9EB9EEDE55EC25A2997 /* TodoAppStoreTests.swift */ = {isa = PBXFileReference; lastKnownFileType = sourcecode.swift; path = TodoAppStoreTests.swift; sourceTree = "<group>"; };
		16E091CF73EAB5386C5F51AF /* ThemeTokens.swift */ = {isa = PBXFileReference; lastKnownFileType = sourcecode.swift; path = ThemeTokens.swift; sourceTree = "<group>"; };
		173B7FBF596FE48369C865FF /* CoreTodo.swift */ = {isa = PBXFileReference; lastKnownFileType = sourcecode.swift; path = CoreTodo.swift; sourceTree = "<group>"; };
		18B19F63C7DDC218DDEF7B69 /* AppEnforcer.swift */ = {isa = PBXFileReference; lastKnownFileType = sourcecode.swift; path = AppEnforcer.swift; sourceTree = "<group>"; };
		19458B7C988B347EA18FCFF7 /* ExportService.swift */ = {isa = PBXFileReference; lastKnownFileType = sourcecode.swift; path = ExportService.swift; sourceTree = "<group>"; };
		1950C542DDDF6617D03FE7C2 /* DataTests.xctest */ = {isa = PBXFileReference; explicitFileType = wrapper.cfbundle; includeInIndex = 0; path = DataTests.xctest; sourceTree = BUILT_PRODUCTS_DIR; };
		1C5CA8CF25F37C0C4358BE53 /* HardFocusInProcessEnforcer.swift */ = {isa = PBXFileReference; lastKnownFileType = sourcecode.swift; path = HardFocusInProcessEnforcer.swift; sourceTree = "<group>"; };
		1FE1E72B6E3895D17014CE7C /* DatabaseManager.swift */ = {isa = PBXFileReference; lastKnownFileType = sourcecode.swift; path = DatabaseManager.swift; sourceTree = "<group>"; };
		2504E4980F2F0A6C58014D11 /* DeepFocusReportView.swift */ = {isa = PBXFileReference; lastKnownFileType = sourcecode.swift; path = DeepFocusReportView.swift; sourceTree = "<group>"; };
		28871DC8EDACA8A843BBC9B2 /* QuickAddNaturalLanguageParserTests.swift */ = {isa = PBXFileReference; lastKnownFileType = sourcecode.swift; path = QuickAddNaturalLanguageParserTests.swift; sourceTree = "<group>"; };
		2983BB79FF8DA2AC19883045 /* WindowPersistence.swift */ = {isa = PBXFileReference; lastKnownFileType = sourcecode.swift; path = WindowPersistence.swift; sourceTree = "<group>"; };
		2B5633165F8175CAD2AB7A90 /* ShortcutHintBar.swift */ = {isa = PBXFileReference; lastKnownFileType = sourcecode.swift; path = ShortcutHintBar.swift; sourceTree = "<group>"; };
		2DA53D4632EFDA5206A1C1A8 /* SmartListFilterTests.swift */ = {isa = PBXFileReference; lastKnownFileType = sourcecode.swift; path = SmartListFilterTests.swift; sourceTree = "<group>"; };
		2DCDE1A9D59AEFBB5E780485 /* QuickCapturePanel.swift */ = {isa = PBXFileReference; lastKnownFileType = sourcecode.swift; path = QuickCapturePanel.swift; sourceTree = "<group>"; };
		2F36B8CD94963F72C3AF8041 /* DeepFocusTimerNotifierTests.swift */ = {isa = PBXFileReference; lastKnownFileType = sourcecode.swift; path = DeepFocusTimerNotifierTests.swift; sourceTree = "<group>"; };
		2F3E319E19EF05FA501E7B85 /* SelectionState.swift */ = {isa = PBXFileReference; lastKnownFileType = sourcecode.swift; path = SelectionState.swift; sourceTree = "<group>"; };
		300362A9AC2F5216AB719E68 /* DailyReviewBoard.swift */ = {isa = PBXFileReference; lastKnownFileType = sourcecode.swift; path = DailyReviewBoard.swift; sourceTree = "<group>"; };
		30D5FE3587E551AA2AF551C4 /* TaskListView.swift */ = {isa = PBXFileReference; lastKnownFileType = sourcecode.swift; path = TaskListView.swift; sourceTree = "<group>"; };
		323346B382149D01274C33F2 /* QuickCaptureView.swift */ = {isa = PBXFileReference; lastKnownFileType = sourcecode.swift; path = QuickCaptureView.swift; sourceTree = "<group>"; };
		3625055382C151CD6384FAB6 /* DeepFocusOverlayView.swift */ = {isa = PBXFileReference; lastKnownFileType = sourcecode.swift; path = DeepFocusOverlayView.swift; sourceTree = "<group>"; };
		37E57A110208F11E16B211CA /* SettingsView.swift */ = {isa = PBXFileReference; lastKnownFileType = sourcecode.swift; path = SettingsView.swift; sourceTree = "<group>"; };
		3AB414833F47C20B5284EA0B /* MigrationTests.swift */ = {isa = PBXFileReference; lastKnownFileType = sourcecode.swift; path = MigrationTests.swift; sourceTree = "<group>"; };
		3B0FBC628810409AC97FA334 /* List.swift */ = {isa = PBXFileReference; lastKnownFileType = sourcecode.swift; path = List.swift; sourceTree = "<group>"; };
		3B1A2C850F597AAD8E6B8A1F /* ExportModels.swift */ = {isa = PBXFileReference; lastKnownFileType = sourcecode.swift; path = ExportModels.swift; sourceTree = "<group>"; };
		3CCE7E86937A152A989DCFCD /* RootView.swift */ = {isa = PBXFileReference; lastKnownFileType = sourcecode.swift; path = RootView.swift; sourceTree = "<group>"; };
		3D33F3EBD610561E79741C23 /* SidebarView.swift */ = {isa = PBXFileReference; lastKnownFileType = sourcecode.swift; path = SidebarView.swift; sourceTree = "<group>"; };
		3DA7AAC0FF83F494BEC3E1A8 /* LaunchResourceValidationTests.swift */ = {isa = PBXFileReference; lastKnownFileType = sourcecode.swift; path = LaunchResourceValidationTests.swift; sourceTree = "<group>"; };
		3F7C7F2B40002DD63B8FFBD4 /* Assets.xcassets */ = {isa = PBXFileReference; lastKnownFileType = folder.assetcatalog; path = Assets.xcassets; sourceTree = "<group>"; };
		417BF9D384CB7E95497290B3 /* Todo.swift */ = {isa = PBXFileReference; lastKnownFileType = sourcecode.swift; path = Todo.swift; sourceTree = "<group>"; };
		43F4E3FD7CC651BADA474160 /* TodoFocusWidgetsBundle.swift */ = {isa = PBXFileReference; lastKnownFileType = sourcecode.swift; path = TodoFocusWidgetsBundle.swift; sourceTree = "<group>"; };
		4B2BAFAFCA61F7CE9BF74C85 /* FeatureBehaviorTests.swift */ = {isa = PBXFileReference; lastKnownFileType = sourcecode.swift; path = FeatureBehaviorTests.swift; sourceTree = "<group>"; };
		4BC65359FCD8A661E494F8E6 /* QuickAddView.swift */ = {isa = PBXFileReference; lastKnownFileType = sourcecode.swift; path = QuickAddView.swift; sourceTree = "<group>"; };
		4CECDF3CE43A5D8655A27316 /* ImmersiveHeaderView.swift */ = {isa = PBXFileReference; lastKnownFileType = sourcecode.swift; path = ImmersiveHeaderView.swift; sourceTree = "<group>"; };
		515BEFC0401BABD096FDF98D /* ListRecord.swift */ = {isa = PBXFileReference; lastKnownFileType = sourcecode.swift; path = ListRecord.swift; sourceTree = "<group>"; };
		52E4D16A9DE70FBFF43904EE /* QuickAddHighlightingTextField.swift */ = {isa = PBXFileReference; lastKnownFileType = sourcecode.swift; path = QuickAddHighlightingTextField.swift; sourceTree = "<group>"; };
		557C0A5FAD5A80348079DDAA /* MotionTokens.swift */ = {isa = PBXFileReference; lastKnownFileType = sourcecode.swift; path = MotionTokens.swift; sourceTree = "<group>"; };
		5CC15A3652F4971562B5E623 /* TodoRecord.swift */ = {isa = PBXFileReference; lastKnownFileType = sourcecode.swift; path = TodoRecord.swift; sourceTree = "<group>"; };
		6500EEE2BFADD6031680B52E /* main.swift */ = {isa = PBXFileReference; lastKnownFileType = sourcecode.swift; path = main.swift; sourceTree = "<group>"; };
		6963116D658CFF84A42B30E8 /* AgentDatabase.swift */ = {isa = PBXFileReference; lastKnownFileType = sourcecode.swift; path = AgentDatabase.swift; sourceTree = "<group>"; };
		69D7E8E5ABB00A1C6EC8B171 /* InteractiveStyles.swift */ = {isa = PBXFileReference; lastKnownFileType = sourcecode.swift; path = InteractiveStyles.swift; sourceTree = "<group>"; };
		6A0EACE45650F8B34190D4A3 /* ThemeStore.swift */ = {isa = PBXFileReference; lastKnownFileType = sourcecode.swift; path = ThemeStore.swift; sourceTree = "<group>"; };
		6A7843ACD1FCEFBCAE938562 /* StepRecord.swift */ = {isa = PBXFileReference; lastKnownFileType = sourcecode.swift; path = StepRecord.swift; sourceTree = "<group>"; };
		6B08E7687273C5B6DDBD4FD5 /* Color+Hex.swift */ = {isa = PBXFileReference; lastKnownFileType = sourcecode.swift; path = "Color+Hex.swift"; sourceTree = "<group>"; };
		6B9E972A5D6A75831750C718 /* ListRepository.swift */ = {isa = PBXFileReference; lastKnownFileType = sourcecode.swift; path = ListRepository.swift; sourceTree = "<group>"; };
		6D4D9C369AC0CDDFE5E2A4A6 /* Step.swift */ = {isa = PBXFileReference; lastKnownFileType = sourcecode.swift; path = Step.swift; sourceTree = "<group>"; };
		6E1A7EA5A09FF09EBC32F2AD /* HardFocusLockView.swift */ = {isa = PBXFileReference; lastKnownFileType = sourcecode.swift; path = HardFocusLockView.swift; sourceTree = "<group>"; };
		6EDF00C67B73AFD0EEAD7E8C /* TimeFilterTests.swift */ = {isa = PBXFileReference; lastKnownFileType = sourcecode.swift; path = TimeFilterTests.swift; sourceTree = "<group>"; };
		6F213B8DC45CE5527CE01193 /* DeepFocusTimerNotifier.swift */ = {isa = PBXFileReference; lastKnownFileType = sourcecode.swift; path = DeepFocusTimerNotifier.swift; sourceTree = "<group>"; };
		711B45181613FE1BF17FFFCC /* AgentHeartbeatRecordTests.swift */ = {isa = PBXFileReference; lastKnownFileType = sourcecode.swift; path = AgentHeartbeatRecordTests.swift; sourceTree = "<group>"; };
		729482FCE1EC68FFAD05F576 /* QuickCaptureService.swift */ = {isa = PBXFileReference; lastKnownFileType = sourcecode.swift; path = QuickCaptureService.swift; sourceTree = "<group>"; };
		74B6BB22FC0D4D6E37269721 /* StepRepositoryTests.swift */ = {isa = PBXFileReference; lastKnownFileType = sourcecode.swift; path = StepRepositoryTests.swift; sourceTree = "<group>"; };
		77780E76FD121D34BF6D7EE3 /* AppModel.swift */ = {isa = PBXFileReference; lastKnownFileType = sourcecode.swift; path = AppModel.swift; sourceTree = "<group>"; };
		7E3A1DE3A9EA54D73DFC6448 /* LaunchpadServiceTests.swift */ = {isa = PBXFileReference; lastKnownFileType = sourcecode.swift; path = LaunchpadServiceTests.swift; sourceTree = "<group>"; };
		80CC7B115E98F0487D59FC4C /* VisualTokens.swift */ = {isa = PBXFileReference; lastKnownFileType = sourcecode.swift; path = VisualTokens.swift; sourceTree = "<group>"; };
		812E495363C7EE87B8EF21E1 /* DailyReviewViewTests.swift */ = {isa = PBXFileReference; lastKnownFileType = sourcecode.swift; path = DailyReviewViewTests.swift; sourceTree = "<group>"; };
		81AAACF970615DDA322C2403 /* DailyReviewWidgetView.swift */ = {isa = PBXFileReference; lastKnownFileType = sourcecode.swift; path = DailyReviewWidgetView.swift; sourceTree = "<group>"; };
		81F49BBBD3470E39E67D6825 /* AppModelTests.swift */ = {isa = PBXFileReference; lastKnownFileType = sourcecode.swift; path = AppModelTests.swift; sourceTree = "<group>"; };
		84179A8739D2AB7CE0C44350 /* GRDB.swift */ = {isa = PBXFileReference; lastKnownFileType = folder; name = GRDB.swift; path = ../../vendor/GRDB.swift; sourceTree = SOURCE_ROOT; };
		857D40917DFCB9BFFA3D44A6 /* DeepFocusMenuBarStateTests.swift */ = {isa = PBXFileReference; lastKnownFileType = sourcecode.swift; path = DeepFocusMenuBarStateTests.swift; sourceTree = "<group>"; };
		8BA047B3FCA10CC6352DF7F8 /* TodoFocusWidgetExtension.appex */ = {isa = PBXFileReference; explicitFileType = "wrapper.app-extension"; includeInIndex = 0; path = TodoFocusWidgetExtension.appex; sourceTree = BUILT_PRODUCTS_DIR; };
		8C99E94CB7B7C3EA623D65CE /* HardFocusSessionRecord.swift */ = {isa = PBXFileReference; lastKnownFileType = sourcecode.swift; path = HardFocusSessionRecord.swift; sourceTree = "<group>"; };
		8CA53AF462BCDF9BF9DFD547 /* WindowPersistenceTests.swift */ = {isa = PBXFileReference; lastKnownFileType = sourcecode.swift; path = WindowPersistenceTests.swift; sourceTree = "<group>"; };
		92EF39FF31F1FD2127E4C901 /* TodoAppStore.swift */ = {isa = PBXFileReference; lastKnownFileType = sourcecode.swift; path = TodoAppStore.swift; sourceTree = "<group>"; };
		948B8D8B860D84D48808EFF5 /* DailyReviewWidgetProvider.swift */ = {isa = PBXFileReference; lastKnownFileType = sourcecode.swift; path = DailyReviewWidgetProvider.swift; sourceTree = "<group>"; };
		949D723E4C031395230F5093 /* TodoAppStoreSelectionTests.swift */ = {isa = PBXFileReference; lastKnownFileType = sourcecode.swift; path = TodoAppStoreSelectionTests.swift; sourceTree = "<group>"; };
		9648E11182E6DEA84D7C6626 /* HardFocusSessionManagerTests.swift */ = {isa = PBXFileReference; lastKnownFileType = sourcecode.swift; path = HardFocusSessionManagerTests.swift; sourceTree = "<group>"; };
		96E58F663C2760243A4C31F1 /* AppGroupDatabasePath.swift */ = {isa = PBXFileReference; lastKnownFileType = sourcecode.swift; path = AppGroupDatabasePath.swift; sourceTree = "<group>"; };
		988EA3A536904886FAC704C1 /* StepRepository.swift */ = {isa = PBXFileReference; lastKnownFileType = sourcecode.swift; path = StepRepository.swift; sourceTree = "<group>"; };
		98CC14165EF1DF01CB5A975E /* DailyReviewWidgetEntry.swift */ = {isa = PBXFileReference; lastKnownFileType = sourcecode.swift; path = DailyReviewWidgetEntry.swift; sourceTree = "<group>"; };
		9BC2D82AE6A92695B56A24B3 /* TodoRepository.swift */ = {isa = PBXFileReference; lastKnownFileType = sourcecode.swift; path = TodoRepository.swift; sourceTree = "<group>"; };
		A4B2E637FB68A3509DEF191A /* DeepFocusMenuBarPanel.swift */ = {isa = PBXFileReference; lastKnownFileType = sourcecode.swift; path = DeepFocusMenuBarPanel.swift; sourceTree = "<group>"; };
		A7AF6A4A3CE241E3341FE30A /* TodoRepositoryTests.swift */ = {isa = PBXFileReference; lastKnownFileType = sourcecode.swift; path = TodoRepositoryTests.swift; sourceTree = "<group>"; };
		ABC90DAB9D3BCB9A0A483E24 /* LaunchpadService.swift */ = {isa = PBXFileReference; lastKnownFileType = sourcecode.swift; path = LaunchpadService.swift; sourceTree = "<group>"; };
		AC643C7BAC3501E9EFCC810F /* AgentSessionController.swift */ = {isa = PBXFileReference; lastKnownFileType = sourcecode.swift; path = AgentSessionController.swift; sourceTree = "<group>"; };
		AE6C2B13C8E141A41A721EB9 /* Migrations.swift */ = {isa = PBXFileReference; lastKnownFileType = sourcecode.swift; path = Migrations.swift; sourceTree = "<group>"; };
		B00F7F32AC8B9D5FF79A2F67 /* TimeFilter.swift */ = {isa = PBXFileReference; lastKnownFileType = sourcecode.swift; path = TimeFilter.swift; sourceTree = "<group>"; };
		B49658E6F7D71CC961B6F7F1 /* TodoQueryTests.swift */ = {isa = PBXFileReference; lastKnownFileType = sourcecode.swift; path = TodoQueryTests.swift; sourceTree = "<group>"; };
		B6D04E4A532D24A131DABCEB /* TodoFocusAgent */ = {isa = PBXFileReference; includeInIndex = 0; path = TodoFocusAgent; sourceTree = BUILT_PRODUCTS_DIR; };
		B960FC5EC323996AA47D3BC8 /* DeepFocusServiceTests.swift */ = {isa = PBXFileReference; lastKnownFileType = sourcecode.swift; path = DeepFocusServiceTests.swift; sourceTree = "<group>"; };
		BC092BBEC0446A8B33FF3E7A /* QuickAddNaturalLanguageParser.swift */ = {isa = PBXFileReference; lastKnownFileType = sourcecode.swift; path = QuickAddNaturalLanguageParser.swift; sourceTree = "<group>"; };
		BE07B39987D458DF0BF2B7D5 /* LaunchResourceEditorView.swift */ = {isa = PBXFileReference; lastKnownFileType = sourcecode.swift; path = LaunchResourceEditorView.swift; sourceTree = "<group>"; };
		C041E259E1AA3D6238B2A360 /* ThemeEnvironment.swift */ = {isa = PBXFileReference; lastKnownFileType = sourcecode.swift; path = ThemeEnvironment.swift; sourceTree = "<group>"; };
		C4C02F3CCE23A226FC531579 /* HardFocusSessionManager.swift */ = {isa = PBXFileReference; lastKnownFileType = sourcecode.swift; path = HardFocusSessionManager.swift; sourceTree = "<group>"; };
		C714727C5D2521DFF716DC5F /* TodoFocusMacApp.swift */ = {isa = PBXFileReference; lastKnownFileType = sourcecode.swift; path = TodoFocusMacApp.swift; sourceTree = "<group>"; };
		CD2CD5B74E5D46555A530C5A /* DeepFocusTemplateStoreTests.swift */ = {isa = PBXFileReference; lastKnownFileType = sourcecode.swift; path = DeepFocusTemplateStoreTests.swift; sourceTree = "<group>"; };
		CE401F3D927C9EED6BF8E073 /* DeepFocusTemplateStore.swift */ = {isa = PBXFileReference; lastKnownFileType = sourcecode.swift; path = DeepFocusTemplateStore.swift; sourceTree = "<group>"; };
		D2206266636D0C567F9A8BC5 /* SmartList.swift */ = {isa = PBXFileReference; lastKnownFileType = sourcecode.swift; path = SmartList.swift; sourceTree = "<group>"; };
		D71E865977B18B59F958122D /* HardFocusSessionRepository.swift */ = {isa = PBXFileReference; lastKnownFileType = sourcecode.swift; path = HardFocusSessionRepository.swift; sourceTree = "<group>"; };
		D77C6B739E7EC643A862CA7E /* DailyReviewView.swift */ = {isa = PBXFileReference; lastKnownFileType = sourcecode.swift; path = DailyReviewView.swift; sourceTree = "<group>"; };
		D82EB36E626694B5222FBD25 /* ExportServiceTests.swift */ = {isa = PBXFileReference; lastKnownFileType = sourcecode.swift; path = ExportServiceTests.swift; sourceTree = "<group>"; };
		D97B7432D8B38188F373B1AF /* DeepFocusService.swift */ = {isa = PBXFileReference; lastKnownFileType = sourcecode.swift; path = DeepFocusService.swift; sourceTree = "<group>"; };
		DC15B7650F503558B4FBDD6D /* UIInteractionTokensTests.swift */ = {isa = PBXFileReference; lastKnownFileType = sourcecode.swift; path = UIInteractionTokensTests.swift; sourceTree = "<group>"; };
		DC3CDF2379D349CC273493E5 /* AppSelectionStateTests.swift */ = {isa = PBXFileReference; lastKnownFileType = sourcecode.swift; path = AppSelectionStateTests.swift; sourceTree = "<group>"; };
		E72D997E60421BA37BC058B1 /* HardFocusSessionRecordTests.swift */ = {isa = PBXFileReference; lastKnownFileType = sourcecode.swift; path = HardFocusSessionRecordTests.swift; sourceTree = "<group>"; };
		EA83C04DBE6BA2D4990E7C67 /* TodoRowView.swift */ = {isa = PBXFileReference; lastKnownFileType = sourcecode.swift; path = TodoRowView.swift; sourceTree = "<group>"; };
		EB028DBEA94826E11F650EB4 /* HardFocusIntegrationTests.swift */ = {isa = PBXFileReference; lastKnownFileType = sourcecode.swift; path = HardFocusIntegrationTests.swift; sourceTree = "<group>"; };
		EDAD163056EA96CD2BF6C0D5 /* TaskDetailView.swift */ = {isa = PBXFileReference; lastKnownFileType = sourcecode.swift; path = TaskDetailView.swift; sourceTree = "<group>"; };
		F0473ACA56E9FD98B765D1A5 /* DeepFocusStatsReportView.swift */ = {isa = PBXFileReference; lastKnownFileType = sourcecode.swift; path = DeepFocusStatsReportView.swift; sourceTree = "<group>"; };
/* End PBXFileReference section */

/* Begin PBXFrameworksBuildPhase section */
		4C4E541DD5498A508B219E78 /* Frameworks */ = {
			isa = PBXFrameworksBuildPhase;
			buildActionMask = 2147483647;
			files = (
				2C474F67BB3ADD3769E126E3 /* GRDB in Frameworks */,
			);
			runOnlyForDeploymentPostprocessing = 0;
		};
		94BDA8E82F3D7ACD898BBFE0 /* Frameworks */ = {
			isa = PBXFrameworksBuildPhase;
			buildActionMask = 2147483647;
			files = (
				7727A349868810A7561C3E6D /* GRDB in Frameworks */,
			);
			runOnlyForDeploymentPostprocessing = 0;
		};
		A558176BD68D733614425AB6 /* Frameworks */ = {
			isa = PBXFrameworksBuildPhase;
			buildActionMask = 2147483647;
			files = (
				6EBDB9251FCFF084D803836F /* GRDB in Frameworks */,
			);
			runOnlyForDeploymentPostprocessing = 0;
		};
		DE862EC2E1C3D19489689E54 /* Frameworks */ = {
			isa = PBXFrameworksBuildPhase;
			buildActionMask = 2147483647;
			files = (
				CD78286DADAFB794C7933580 /* GRDB in Frameworks */,
			);
			runOnlyForDeploymentPostprocessing = 0;
		};
/* End PBXFrameworksBuildPhase section */

/* Begin PBXGroup section */
		0B9B0D1D626764CB13316EDA /* Parsing */ = {
			isa = PBXGroup;
			children = (
				BC092BBEC0446A8B33FF3E7A /* QuickAddNaturalLanguageParser.swift */,
			);
			path = Parsing;
			sourceTree = "<group>";
		};
		12A54842B556342D4BD867FD /* Packages */ = {
			isa = PBXGroup;
			children = (
				84179A8739D2AB7CE0C44350 /* GRDB.swift */,
			);
			name = Packages;
			sourceTree = "<group>";
		};
		1EC31E4FB2F6E90D031C6E8B /* Sources */ = {
			isa = PBXGroup;
			children = (
				3CCE7E86937A152A989DCFCD /* RootView.swift */,
				C714727C5D2521DFF716DC5F /* TodoFocusMacApp.swift */,
				A12291389020A890D0825A80 /* Agent */,
				9F6A94A4BBD57A4DB88AB04C /* App */,
				AB4A0BD162BE123196C969EA /* Core */,
				515A950DC34997C73DE643B4 /* Data */,
				565EAD6DB68A33DB982AF0BA /* Features */,
				5C1DF0204821846B2BD7E0DC /* WidgetExtension */,
			);
			path = Sources;
			sourceTree = "<group>";
		};
		2095BC5BB7AE5904693D6E70 /* MenuBar */ = {
			isa = PBXGroup;
			children = (
				A4B2E637FB68A3509DEF191A /* DeepFocusMenuBarPanel.swift */,
				07B9BB691054BF0047578831 /* DeepFocusMenuBarState.swift */,
			);
			path = MenuBar;
			sourceTree = "<group>";
		};
		34E3ADC38FD98919598B69FA /* Repositories */ = {
			isa = PBXGroup;
			children = (
				D71E865977B18B59F958122D /* HardFocusSessionRepository.swift */,
				6B9E972A5D6A75831750C718 /* ListRepository.swift */,
				988EA3A536904886FAC704C1 /* StepRepository.swift */,
				9BC2D82AE6A92695B56A24B3 /* TodoRepository.swift */,
			);
			path = Repositories;
			sourceTree = "<group>";
		};
		36107B181113669F5200BD3D /* Review */ = {
			isa = PBXGroup;
			children = (
				D77C6B739E7EC643A862CA7E /* DailyReviewView.swift */,
			);
			path = Review;
			sourceTree = "<group>";
		};
		379DF4BD4B83A97B776962E0 /* Review */ = {
			isa = PBXGroup;
			children = (
				300362A9AC2F5216AB719E68 /* DailyReviewBoard.swift */,
			);
			path = Review;
			sourceTree = "<group>";
		};
		39C62B103C957C77ECA46BEC /* Database */ = {
			isa = PBXGroup;
			children = (
				96E58F663C2760243A4C31F1 /* AppGroupDatabasePath.swift */,
				1FE1E72B6E3895D17014CE7C /* DatabaseManager.swift */,
				AE6C2B13C8E141A41A721EB9 /* Migrations.swift */,
			);
			path = Database;
			sourceTree = "<group>";
		};
		3C6217492222E4FA122320AC /* DTO */ = {
			isa = PBXGroup;
			children = (
				025B848CBBD747A4848B0FA8 /* AgentHeartbeatRecord.swift */,
				8C99E94CB7B7C3EA623D65CE /* HardFocusSessionRecord.swift */,
				515BEFC0401BABD096FDF98D /* ListRecord.swift */,
				6A7843ACD1FCEFBCAE938562 /* StepRecord.swift */,
				5CC15A3652F4971562B5E623 /* TodoRecord.swift */,
			);
			path = DTO;
			sourceTree = "<group>";
		};
		3D58B53B294C744C492D3D88 /* TaskDetail */ = {
			isa = PBXGroup;
			children = (
				BE07B39987D458DF0BF2B7D5 /* LaunchResourceEditorView.swift */,
				EDAD163056EA96CD2BF6C0D5 /* TaskDetailView.swift */,
			);
			path = TaskDetail;
			sourceTree = "<group>";
		};
		3E66A6608E3D20A905BF4388 /* Sidebar */ = {
			isa = PBXGroup;
			children = (
				3D33F3EBD610561E79741C23 /* SidebarView.swift */,
			);
			path = Sidebar;
			sourceTree = "<group>";
		};
		4B473D08ED26EFBF91A986EF /* CoreTests */ = {
			isa = PBXGroup;
			children = (
				81F49BBBD3470E39E67D6825 /* AppModelTests.swift */,
				DC3CDF2379D349CC273493E5 /* AppSelectionStateTests.swift */,
				812E495363C7EE87B8EF21E1 /* DailyReviewViewTests.swift */,
				857D40917DFCB9BFFA3D44A6 /* DeepFocusMenuBarStateTests.swift */,
				B960FC5EC323996AA47D3BC8 /* DeepFocusServiceTests.swift */,
				CD2CD5B74E5D46555A530C5A /* DeepFocusTemplateStoreTests.swift */,
				2F36B8CD94963F72C3AF8041 /* DeepFocusTimerNotifierTests.swift */,
				4B2BAFAFCA61F7CE9BF74C85 /* FeatureBehaviorTests.swift */,
				EB028DBEA94826E11F650EB4 /* HardFocusIntegrationTests.swift */,
				9648E11182E6DEA84D7C6626 /* HardFocusSessionManagerTests.swift */,
				7E3A1DE3A9EA54D73DFC6448 /* LaunchpadServiceTests.swift */,
				3DA7AAC0FF83F494BEC3E1A8 /* LaunchResourceValidationTests.swift */,
				28871DC8EDACA8A843BBC9B2 /* QuickAddNaturalLanguageParserTests.swift */,
				2DA53D4632EFDA5206A1C1A8 /* SmartListFilterTests.swift */,
				6EDF00C67B73AFD0EEAD7E8C /* TimeFilterTests.swift */,
				949D723E4C031395230F5093 /* TodoAppStoreSelectionTests.swift */,
				10C4E9EB9EEDE55EC25A2997 /* TodoAppStoreTests.swift */,
				B49658E6F7D71CC961B6F7F1 /* TodoQueryTests.swift */,
				DC15B7650F503558B4FBDD6D /* UIInteractionTokensTests.swift */,
				8CA53AF462BCDF9BF9DFD547 /* WindowPersistenceTests.swift */,
			);
			name = CoreTests;
			path = Tests/CoreTests;
			sourceTree = "<group>";
		};
		515A950DC34997C73DE643B4 /* Data */ = {
			isa = PBXGroup;
			children = (
				39C62B103C957C77ECA46BEC /* Database */,
				3C6217492222E4FA122320AC /* DTO */,
				ECDF4345A6DC335850CBB377 /* Export */,
				34E3ADC38FD98919598B69FA /* Repositories */,
			);
			path = Data;
			sourceTree = "<group>";
		};
		565EAD6DB68A33DB982AF0BA /* Features */ = {
			isa = PBXGroup;
			children = (
				63441E227DD10E02595C0EEB /* Common */,
				2095BC5BB7AE5904693D6E70 /* MenuBar */,
				CCBC331D26A1A0120CB1FAB2 /* QuickCapture */,
				36107B181113669F5200BD3D /* Review */,
				BFA2B5B7546784A7BA874237 /* Settings */,
				3E66A6608E3D20A905BF4388 /* Sidebar */,
				3D58B53B294C744C492D3D88 /* TaskDetail */,
				964C4DFBDEC79E3BBAC06184 /* TaskList */,
			);
			path = Features;
			sourceTree = "<group>";
		};
		5ACD1C79A3C65C8B99883BEA /* Resources */ = {
			isa = PBXGroup;
			children = (
				05B0DD7F35C2306166D65758 /* com.todofocus.hardfocus.agent.plist */,
			);
			path = Resources;
			sourceTree = "<group>";
		};
		5C1DF0204821846B2BD7E0DC /* WidgetExtension */ = {
			isa = PBXGroup;
			children = (
				1029B9E04898D7E4C826988D /* DailyReviewWidget.swift */,
				98CC14165EF1DF01CB5A975E /* DailyReviewWidgetEntry.swift */,
				948B8D8B860D84D48808EFF5 /* DailyReviewWidgetProvider.swift */,
				06F1CD4026C983FCA9FAB971 /* DailyReviewWidgetStore.swift */,
				81AAACF970615DDA322C2403 /* DailyReviewWidgetView.swift */,
				43F4E3FD7CC651BADA474160 /* TodoFocusWidgetsBundle.swift */,
			);
			path = WidgetExtension;
			sourceTree = "<group>";
		};
		603EBDF8814C90987DD0E4FB /* Validation */ = {
			isa = PBXGroup;
			children = (
				0BD67E5BD83F1A8B609F0661 /* LaunchResourceValidation.swift */,
			);
			path = Validation;
			sourceTree = "<group>";
		};
		63441E227DD10E02595C0EEB /* Common */ = {
			isa = PBXGroup;
			children = (
				3625055382C151CD6384FAB6 /* DeepFocusOverlayView.swift */,
				2504E4980F2F0A6C58014D11 /* DeepFocusReportView.swift */,
				F0473ACA56E9FD98B765D1A5 /* DeepFocusStatsReportView.swift */,
				6E1A7EA5A09FF09EBC32F2AD /* HardFocusLockView.swift */,
				4CECDF3CE43A5D8655A27316 /* ImmersiveHeaderView.swift */,
				69D7E8E5ABB00A1C6EC8B171 /* InteractiveStyles.swift */,
				557C0A5FAD5A80348079DDAA /* MotionTokens.swift */,
				085B1E712E2F332EBC0416BB /* ResizableSplitView.swift */,
				2B5633165F8175CAD2AB7A90 /* ShortcutHintBar.swift */,
				C041E259E1AA3D6238B2A360 /* ThemeEnvironment.swift */,
				16E091CF73EAB5386C5F51AF /* ThemeTokens.swift */,
				80CC7B115E98F0487D59FC4C /* VisualTokens.swift */,
			);
			path = Common;
			sourceTree = "<group>";
		};
		6CC9651D74102E8670A2EC27 /* Filters */ = {
			isa = PBXGroup;
			children = (
				D2206266636D0C567F9A8BC5 /* SmartList.swift */,
				B00F7F32AC8B9D5FF79A2F67 /* TimeFilter.swift */,
				03542634FD66D0DA72745A3B /* TodoQuery.swift */,
			);
			path = Filters;
			sourceTree = "<group>";
		};
		7CEC94582616D54CBF7A98BB /* Models */ = {
			isa = PBXGroup;
			children = (
				173B7FBF596FE48369C865FF /* CoreTodo.swift */,
				097E7ED1C1B06DA7A97EF3A3 /* LaunchResource.swift */,
				3B0FBC628810409AC97FA334 /* List.swift */,
				6D4D9C369AC0CDDFE5E2A4A6 /* Step.swift */,
				417BF9D384CB7E95497290B3 /* Todo.swift */,
			);
			path = Models;
			sourceTree = "<group>";
		};
		964C4DFBDEC79E3BBAC06184 /* TaskList */ = {
			isa = PBXGroup;
			children = (
				52E4D16A9DE70FBFF43904EE /* QuickAddHighlightingTextField.swift */,
				4BC65359FCD8A661E494F8E6 /* QuickAddView.swift */,
				30D5FE3587E551AA2AF551C4 /* TaskListView.swift */,
				EA83C04DBE6BA2D4990E7C67 /* TodoRowView.swift */,
			);
			path = TaskList;
			sourceTree = "<group>";
		};
		96A9EFEAC9C2F0D3705D5FE6 /* Extensions */ = {
			isa = PBXGroup;
			children = (
				6B08E7687273C5B6DDBD4FD5 /* Color+Hex.swift */,
			);
			path = Extensions;
			sourceTree = "<group>";
		};
		9F6A94A4BBD57A4DB88AB04C /* App */ = {
			isa = PBXGroup;
			children = (
				77780E76FD121D34BF6D7EE3 /* AppModel.swift */,
				D97B7432D8B38188F373B1AF /* DeepFocusService.swift */,
				CE401F3D927C9EED6BF8E073 /* DeepFocusTemplateStore.swift */,
				6F213B8DC45CE5527CE01193 /* DeepFocusTimerNotifier.swift */,
				034819C4AD6863939B8A97A4 /* HardFocusAgentManager.swift */,
				1C5CA8CF25F37C0C4358BE53 /* HardFocusInProcessEnforcer.swift */,
				C4C02F3CCE23A226FC531579 /* HardFocusSessionManager.swift */,
				ABC90DAB9D3BCB9A0A483E24 /* LaunchpadService.swift */,
				729482FCE1EC68FFAD05F576 /* QuickCaptureService.swift */,
				2F3E319E19EF05FA501E7B85 /* SelectionState.swift */,
				6A0EACE45650F8B34190D4A3 /* ThemeStore.swift */,
				92EF39FF31F1FD2127E4C901 /* TodoAppStore.swift */,
				2983BB79FF8DA2AC19883045 /* WindowPersistence.swift */,
			);
			path = App;
			sourceTree = "<group>";
		};
		A12291389020A890D0825A80 /* Agent */ = {
			isa = PBXGroup;
			children = (
				6963116D658CFF84A42B30E8 /* AgentDatabase.swift */,
				AC643C7BAC3501E9EFCC810F /* AgentSessionController.swift */,
				18B19F63C7DDC218DDEF7B69 /* AppEnforcer.swift */,
				6500EEE2BFADD6031680B52E /* main.swift */,
			);
			path = Agent;
			sourceTree = "<group>";
		};
		A29BB202735C481BF200FD70 /* DataTests */ = {
			isa = PBXGroup;
			children = (
				711B45181613FE1BF17FFFCC /* AgentHeartbeatRecordTests.swift */,
				D82EB36E626694B5222FBD25 /* ExportServiceTests.swift */,
				E72D997E60421BA37BC058B1 /* HardFocusSessionRecordTests.swift */,
				3AB414833F47C20B5284EA0B /* MigrationTests.swift */,
				74B6BB22FC0D4D6E37269721 /* StepRepositoryTests.swift */,
				0047BD03BFF1CB3B2F5A5143 /* TodoDetailMutationTests.swift */,
				A7AF6A4A3CE241E3341FE30A /* TodoRepositoryTests.swift */,
			);
			name = DataTests;
			path = Tests/DataTests;
			sourceTree = "<group>";
		};
		AB4A0BD162BE123196C969EA /* Core */ = {
			isa = PBXGroup;
			children = (
				96A9EFEAC9C2F0D3705D5FE6 /* Extensions */,
				6CC9651D74102E8670A2EC27 /* Filters */,
				7CEC94582616D54CBF7A98BB /* Models */,
				0B9B0D1D626764CB13316EDA /* Parsing */,
				379DF4BD4B83A97B776962E0 /* Review */,
				603EBDF8814C90987DD0E4FB /* Validation */,
			);
			path = Core;
			sourceTree = "<group>";
		};
		B416645E60BA6666966FAE73 = {
			isa = PBXGroup;
			children = (
				3F7C7F2B40002DD63B8FFBD4 /* Assets.xcassets */,
				4B473D08ED26EFBF91A986EF /* CoreTests */,
				A29BB202735C481BF200FD70 /* DataTests */,
				12A54842B556342D4BD867FD /* Packages */,
				5ACD1C79A3C65C8B99883BEA /* Resources */,
				1EC31E4FB2F6E90D031C6E8B /* Sources */,
				F4820D7D7780519DC16F35FB /* Products */,
			);
			sourceTree = "<group>";
		};
		BFA2B5B7546784A7BA874237 /* Settings */ = {
			isa = PBXGroup;
			children = (
				37E57A110208F11E16B211CA /* SettingsView.swift */,
			);
			path = Settings;
			sourceTree = "<group>";
		};
		CCBC331D26A1A0120CB1FAB2 /* QuickCapture */ = {
			isa = PBXGroup;
			children = (
				2DCDE1A9D59AEFBB5E780485 /* QuickCapturePanel.swift */,
				323346B382149D01274C33F2 /* QuickCaptureView.swift */,
			);
			path = QuickCapture;
			sourceTree = "<group>";
		};
		ECDF4345A6DC335850CBB377 /* Export */ = {
			isa = PBXGroup;
			children = (
				3B1A2C850F597AAD8E6B8A1F /* ExportModels.swift */,
				19458B7C988B347EA18FCFF7 /* ExportService.swift */,
			);
			path = Export;
			sourceTree = "<group>";
		};
		F4820D7D7780519DC16F35FB /* Products */ = {
			isa = PBXGroup;
			children = (
				06E0C999AE4AD500458E154A /* CoreTests.xctest */,
				1950C542DDDF6617D03FE7C2 /* DataTests.xctest */,
				B6D04E4A532D24A131DABCEB /* TodoFocusAgent */,
				0CBB93E177F1BAE2BD678353 /* TodoFocusMac.app */,
				8BA047B3FCA10CC6352DF7F8 /* TodoFocusWidgetExtension.appex */,
			);
			name = Products;
			sourceTree = "<group>";
		};
/* End PBXGroup section */

/* Begin PBXNativeTarget section */
		31D85DC8B11A34385F085654 /* TodoFocusAgent */ = {
			isa = PBXNativeTarget;
			buildConfigurationList = 5A82BCCE02433A1B20476FAA /* Build configuration list for PBXNativeTarget "TodoFocusAgent" */;
			buildPhases = (
				2AAD700C18D455FB466B2AFC /* Sources */,
				A558176BD68D733614425AB6 /* Frameworks */,
			);
			buildRules = (
			);
			dependencies = (
			);
			name = TodoFocusAgent;
			packageProductDependencies = (
				24C8B9242CA9CA31D8088E71 /* GRDB */,
			);
			productName = TodoFocusAgent;
			productReference = B6D04E4A532D24A131DABCEB /* TodoFocusAgent */;
			productType = "com.apple.product-type.tool";
		};
		7006951B75355CBD0F9C6E3E /* DataTests */ = {
			isa = PBXNativeTarget;
			buildConfigurationList = 3856FD467212BD229436ECA9 /* Build configuration list for PBXNativeTarget "DataTests" */;
			buildPhases = (
				8D8A86C68AE5536EDF092A42 /* Sources */,
				94BDA8E82F3D7ACD898BBFE0 /* Frameworks */,
			);
			buildRules = (
			);
			dependencies = (
				57B122620946EB366A56BBB5 /* PBXTargetDependency */,
			);
			name = DataTests;
			packageProductDependencies = (
				37296F1B51752E30FD8B0936 /* GRDB */,
			);
			productName = DataTests;
			productReference = 1950C542DDDF6617D03FE7C2 /* DataTests.xctest */;
			productType = "com.apple.product-type.bundle.unit-test";
		};
		C0ECF014B5C761BC131128B0 /* CoreTests */ = {
			isa = PBXNativeTarget;
			buildConfigurationList = 06934D335F9BE99CEE262BEB /* Build configuration list for PBXNativeTarget "CoreTests" */;
			buildPhases = (
				DB4E1F866E66161D18D48E81 /* Sources */,
			);
			buildRules = (
			);
			dependencies = (
				8B4254A6C7C73DE4ED490B06 /* PBXTargetDependency */,
			);
			name = CoreTests;
			packageProductDependencies = (
			);
			productName = CoreTests;
			productReference = 06E0C999AE4AD500458E154A /* CoreTests.xctest */;
			productType = "com.apple.product-type.bundle.unit-test";
		};
		C2968D6AD9907402524E1675 /* TodoFocusMac */ = {
			isa = PBXNativeTarget;
			buildConfigurationList = D9B6D0C786F41C2E36160ECC /* Build configuration list for PBXNativeTarget "TodoFocusMac" */;
			buildPhases = (
				9222F8F87E4C6DB768060568 /* Sources */,
				B77BEBDD54D223867E7823BE /* Resources */,
				4C4E541DD5498A508B219E78 /* Frameworks */,
				575BB6C006F71B07660CD6C5 /* Embed Dependencies */,
				3217ED6E5632B43D9CA72BFB /* Embed Dependencies */,
			);
			buildRules = (
			);
			dependencies = (
				C32058E9F17DD7A578457E98 /* PBXTargetDependency */,
				0366DB6BEB1C31468E4A98B1 /* PBXTargetDependency */,
			);
			name = TodoFocusMac;
			packageProductDependencies = (
				3C14523A1F60CB034FBD9527 /* GRDB */,
			);
			productName = TodoFocusMac;
			productReference = 0CBB93E177F1BAE2BD678353 /* TodoFocusMac.app */;
			productType = "com.apple.product-type.application";
		};
		D104C4BB956205086B598F7D /* TodoFocusWidgetExtension */ = {
			isa = PBXNativeTarget;
			buildConfigurationList = 07B4DD30D1B0C7B6A157D510 /* Build configuration list for PBXNativeTarget "TodoFocusWidgetExtension" */;
			buildPhases = (
				97B6D62DB5F623865DDAB56B /* Sources */,
				DE862EC2E1C3D19489689E54 /* Frameworks */,
			);
			buildRules = (
			);
			dependencies = (
			);
			name = TodoFocusWidgetExtension;
			packageProductDependencies = (
				CE5F3BDE707034517F4204D9 /* GRDB */,
			);
			productName = TodoFocusWidgetExtension;
			productReference = 8BA047B3FCA10CC6352DF7F8 /* TodoFocusWidgetExtension.appex */;
			productType = "com.apple.product-type.app-extension";
		};
/* End PBXNativeTarget section */

/* Begin PBXProject section */
		FE0E6CDD0131E5ACC4975FD3 /* Project object */ = {
			isa = PBXProject;
			attributes = {
				BuildIndependentTargetsInParallel = YES;
				LastUpgradeCheck = 1430;
				TargetAttributes = {
					31D85DC8B11A34385F085654 = {
						ProvisioningStyle = Manual;
					};
				};
			};
			buildConfigurationList = 40BC88B4EF27C5BD987C9D3E /* Build configuration list for PBXProject "TodoFocusMac" */;
			developmentRegion = en;
			hasScannedForEncodings = 0;
			knownRegions = (
				Base,
				en,
			);
			mainGroup = B416645E60BA6666966FAE73;
			minimizedProjectReferenceProxies = 1;
			packageReferences = (
				EE69965BD1CA86230278DE8B /* XCLocalSwiftPackageReference "../../vendor/GRDB.swift" */,
			);
			preferredProjectObjectVersion = 77;
			productRefGroup = F4820D7D7780519DC16F35FB /* Products */;
			projectDirPath = "";
			projectRoot = "";
			targets = (
				C0ECF014B5C761BC131128B0 /* CoreTests */,
				7006951B75355CBD0F9C6E3E /* DataTests */,
				31D85DC8B11A34385F085654 /* TodoFocusAgent */,
				C2968D6AD9907402524E1675 /* TodoFocusMac */,
				D104C4BB956205086B598F7D /* TodoFocusWidgetExtension */,
			);
		};
/* End PBXProject section */

/* Begin PBXResourcesBuildPhase section */
		B77BEBDD54D223867E7823BE /* Resources */ = {
			isa = PBXResourcesBuildPhase;
			buildActionMask = 2147483647;
			files = (
				D2DE83D790E60752968ACD55 /* Assets.xcassets in Resources */,
				7C393C36F63C8BCD4A603DAC /* com.todofocus.hardfocus.agent.plist in Resources */,
			);
			runOnlyForDeploymentPostprocessing = 0;
		};
/* End PBXResourcesBuildPhase section */

/* Begin PBXSourcesBuildPhase section */
		2AAD700C18D455FB466B2AFC /* Sources */ = {
			isa = PBXSourcesBuildPhase;
			buildActionMask = 2147483647;
			files = (
				3F046D236FE88C3F72BC1407 /* AgentDatabase.swift in Sources */,
				2A88F26958747C1D0F5262B7 /* AgentHeartbeatRecord.swift in Sources */,
				20AA60BA6B96F4EE69ED19A3 /* AgentSessionController.swift in Sources */,
				C7B156D886A5B380E43F8DAE /* AppEnforcer.swift in Sources */,
				EBC046F37A1D1BFF0AE05BA6 /* AppGroupDatabasePath.swift in Sources */,
				8B060960481E419E2637AACA /* DatabaseManager.swift in Sources */,
				B07F7A049D33CF66EF2B42C5 /* HardFocusSessionRecord.swift in Sources */,
				4E17CF9179472B347B4B7E8D /* HardFocusSessionRepository.swift in Sources */,
				D489F9042CFCB3B6DA49ED59 /* Migrations.swift in Sources */,
				970374ACC66A5F458D5E0F16 /* main.swift in Sources */,
			);
			runOnlyForDeploymentPostprocessing = 0;
		};
		8D8A86C68AE5536EDF092A42 /* Sources */ = {
			isa = PBXSourcesBuildPhase;
			buildActionMask = 2147483647;
			files = (
				1F174A73A98E17EDE018CB3A /* AgentHeartbeatRecordTests.swift in Sources */,
				8F24D1B5C9DE6DA6896DDB09 /* ExportServiceTests.swift in Sources */,
				4AC71EE5815AC94388EAB685 /* HardFocusSessionRecordTests.swift in Sources */,
				1B657D8D1A98A8F91A6CBBB5 /* MigrationTests.swift in Sources */,
				10341A4956E2D5A4DCB19F6A /* StepRepositoryTests.swift in Sources */,
				F29884FDFC44D04D39363CDF /* TodoDetailMutationTests.swift in Sources */,
				A6567251923E066DBC16F466 /* TodoRepositoryTests.swift in Sources */,
			);
			runOnlyForDeploymentPostprocessing = 0;
		};
		9222F8F87E4C6DB768060568 /* Sources */ = {
			isa = PBXSourcesBuildPhase;
			buildActionMask = 2147483647;
			files = (
				3895DA57338477A9F7464FB0 /* AgentHeartbeatRecord.swift in Sources */,
				CE68D70D52B8AC25F5488A5A /* AppGroupDatabasePath.swift in Sources */,
				E8709ACDA2AB39968E4DB49F /* AppModel.swift in Sources */,
				960A7BFB6248537F88BF1C75 /* Color+Hex.swift in Sources */,
				91CC7A7E8B17CA2E124C345D /* CoreTodo.swift in Sources */,
				2869769AE26387E66909511A /* DailyReviewBoard.swift in Sources */,
				9C718797A145DDB359C7FA77 /* DailyReviewView.swift in Sources */,
				AEC9F0528620AFF4E37F3BF4 /* DatabaseManager.swift in Sources */,
				0DE2C0C815D0F79A3F3BFCD9 /* DeepFocusMenuBarPanel.swift in Sources */,
				5543700716C62441E47C8B5D /* DeepFocusMenuBarState.swift in Sources */,
				9199B9A57495CE73F7B12A00 /* DeepFocusOverlayView.swift in Sources */,
				087809BC66AE962FA0518A3E /* DeepFocusReportView.swift in Sources */,
				C27609899EAE9347733CBD7D /* DeepFocusService.swift in Sources */,
				00E12C0E0B5C03FC82CAA763 /* DeepFocusStatsReportView.swift in Sources */,
				795508C8F487E58F6E98CD5D /* DeepFocusTemplateStore.swift in Sources */,
				6D031A2F8932B61B8EC44ED9 /* DeepFocusTimerNotifier.swift in Sources */,
				D47CCAA280BB56FC203BAE6E /* ExportModels.swift in Sources */,
				4CA6ED27D39773B7F998AE1D /* ExportService.swift in Sources */,
				05A4E94740B3822DF32846A2 /* HardFocusAgentManager.swift in Sources */,
				5FD60125EFC0965590F89843 /* HardFocusInProcessEnforcer.swift in Sources */,
				C873786B788F91F014E6F313 /* HardFocusLockView.swift in Sources */,
				8D1AF5857D6856A06AB31926 /* HardFocusSessionManager.swift in Sources */,
				60D8A3C1568B684F79056582 /* HardFocusSessionRecord.swift in Sources */,
				F608887EF174F394604FA5CF /* HardFocusSessionRepository.swift in Sources */,
				D2F5C48FDC857B3D6D2B6E36 /* ImmersiveHeaderView.swift in Sources */,
				82D99CCE3720B8974B8FD9AE /* InteractiveStyles.swift in Sources */,
				7888AA64CCB1C0DAB036F4F1 /* LaunchResource.swift in Sources */,
				2A77C39A5E1C252544AB40F1 /* LaunchResourceEditorView.swift in Sources */,
				16ACF235ABA07CC911031068 /* LaunchResourceValidation.swift in Sources */,
				EE4B6195129CF4C3EF7E3DF8 /* LaunchpadService.swift in Sources */,
				3B49F5A7AF6439E2453FC53B /* List.swift in Sources */,
				A253EF4EAE3275AFB724ABB0 /* ListRecord.swift in Sources */,
				1B29CD200852FFA0C2032B8F /* ListRepository.swift in Sources */,
				A0FBDFF3B725B51B7F153995 /* Migrations.swift in Sources */,
				FD5051CB1C64B7911DF6CF3E /* MotionTokens.swift in Sources */,
				D5FCC9B4E8D47AE6534C5EA4 /* QuickAddHighlightingTextField.swift in Sources */,
				6623B1AB16AF877951B1083A /* QuickAddNaturalLanguageParser.swift in Sources */,
				A06641EBAC9429CF7A200652 /* QuickAddView.swift in Sources */,
				268444DAD5DD06F74FABDF31 /* QuickCapturePanel.swift in Sources */,
				F8BAE001A72EA409825F041E /* QuickCaptureService.swift in Sources */,
				460E2FF0EC5F13E47EC00164 /* QuickCaptureView.swift in Sources */,
				49C094D18BEB5BD380E70B5B /* ResizableSplitView.swift in Sources */,
				98FEBD78B7C911D8AD057405 /* RootView.swift in Sources */,
				A07A6F7772AE2B855A31DB11 /* SelectionState.swift in Sources */,
				EF6BCA8F5969CF778AB4177C /* SettingsView.swift in Sources */,
				DCB7C1425FC4D7CA492383F8 /* ShortcutHintBar.swift in Sources */,
				47F5DFB75F5754B0E0DACAFB /* SidebarView.swift in Sources */,
				F59D8952A68ECA7794710C19 /* SmartList.swift in Sources */,
				90D943479B3C84C14E3B8F4C /* Step.swift in Sources */,
				E63935763D57E7925754DA11 /* StepRecord.swift in Sources */,
				2D6BE558DD2AB44D6424DDD7 /* StepRepository.swift in Sources */,
				C2FEA8790A8A2C89D8C58905 /* TaskDetailView.swift in Sources */,
				8B5529DB40999FB77D54F419 /* TaskListView.swift in Sources */,
				9EF258AA9690DE211B9B90E3 /* ThemeEnvironment.swift in Sources */,
				243B5B18ADC816895A198044 /* ThemeStore.swift in Sources */,
				976765295227DA3EF9FEC81A /* ThemeTokens.swift in Sources */,
				2C0D092C397234106188359E /* TimeFilter.swift in Sources */,
				207C83314051B92B1810A45A /* Todo.swift in Sources */,
				398F21706296FAAA014823D5 /* TodoAppStore.swift in Sources */,
				2478E09007414B82EC20501B /* TodoFocusMacApp.swift in Sources */,
				22DEC2A9F2055F21D3C2F84B /* TodoQuery.swift in Sources */,
				67ED88BEBF2651E62E8D23A0 /* TodoRecord.swift in Sources */,
				268C75C1B8CFC0C6F9D5083B /* TodoRepository.swift in Sources */,
				CCD83328C673F343DC524362 /* TodoRowView.swift in Sources */,
				0EDA51E619FC88E2BF87629B /* VisualTokens.swift in Sources */,
				4E502D71D14C35BD7194756F /* WindowPersistence.swift in Sources */,
			);
			runOnlyForDeploymentPostprocessing = 0;
		};
		97B6D62DB5F623865DDAB56B /* Sources */ = {
			isa = PBXSourcesBuildPhase;
			buildActionMask = 2147483647;
			files = (
				7C125F5397E7BE71D0095463 /* AppGroupDatabasePath.swift in Sources */,
				B9BDE784852FF7335CDF7724 /* DailyReviewBoard.swift in Sources */,
				5FE5CEFFCC3BE1941268700E /* DailyReviewWidget.swift in Sources */,
				986AD017DEE8194C48D2351D /* DailyReviewWidgetEntry.swift in Sources */,
				E1F1A69B5A8BC1CDBE68F92B /* DailyReviewWidgetProvider.swift in Sources */,
				781B6888F9AD919B810D36D0 /* DailyReviewWidgetStore.swift in Sources */,
				5E58FB1D3B728345614D7D19 /* DailyReviewWidgetView.swift in Sources */,
				C6FEECB981D89BDC58BA7EC9 /* Todo.swift in Sources */,
				07373834032FFBC55E3FE5BC /* TodoFocusWidgetsBundle.swift in Sources */,
				B2798E9AF4190BC7DE249D7D /* TodoRecord.swift in Sources */,
			);
			runOnlyForDeploymentPostprocessing = 0;
		};
		DB4E1F866E66161D18D48E81 /* Sources */ = {
			isa = PBXSourcesBuildPhase;
			buildActionMask = 2147483647;
			files = (
				639E4502F5B1767422B7A161 /* AppModelTests.swift in Sources */,
				3C6F2349B5015A515214E282 /* AppSelectionStateTests.swift in Sources */,
				96149C89EF3F2CF60748146A /* DailyReviewViewTests.swift in Sources */,
				BFBBD59B4037AA904913FD7A /* DeepFocusMenuBarStateTests.swift in Sources */,
				A693872DB3F46211434ECED4 /* DeepFocusServiceTests.swift in Sources */,
				2996E34CF83FB29C7CCF0500 /* DeepFocusTemplateStoreTests.swift in Sources */,
				72265A1B4F06BA340DDAABE8 /* DeepFocusTimerNotifierTests.swift in Sources */,
				0F70D4013B41F9FBC4C4C4CB /* FeatureBehaviorTests.swift in Sources */,
				E2B1C6CACAC71BF0FDFA8FAC /* HardFocusIntegrationTests.swift in Sources */,
				32FBE87DD9EB80B6D5112D8A /* HardFocusSessionManagerTests.swift in Sources */,
				B2FE5800F1C2848B1C954FF4 /* LaunchResourceValidationTests.swift in Sources */,
				9F0592BDD879782AB111AE51 /* LaunchpadServiceTests.swift in Sources */,
				28ACC25618CB3B0DD094C485 /* QuickAddNaturalLanguageParserTests.swift in Sources */,
				64CAC0EE2BA2F5B20FAEB504 /* SmartListFilterTests.swift in Sources */,
				2488D4F86087E1711676B089 /* TimeFilterTests.swift in Sources */,
				652B5E948824C3E5FB9D0F85 /* TodoAppStoreSelectionTests.swift in Sources */,
				17B573B6B5E9AC9AE93BDF39 /* TodoAppStoreTests.swift in Sources */,
				F6B9E9BCFE7CDC43C8016C89 /* TodoQueryTests.swift in Sources */,
				8BFAC4E3D3E5240169A0786F /* UIInteractionTokensTests.swift in Sources */,
				4CE24FFE60180831BD73DE60 /* WindowPersistenceTests.swift in Sources */,
			);
			runOnlyForDeploymentPostprocessing = 0;
		};
/* End PBXSourcesBuildPhase section */

/* Begin PBXTargetDependency section */
		0366DB6BEB1C31468E4A98B1 /* PBXTargetDependency */ = {
			isa = PBXTargetDependency;
			target = D104C4BB956205086B598F7D /* TodoFocusWidgetExtension */;
			targetProxy = C0A7BEF0D8F6D457E3C9EDE4 /* PBXContainerItemProxy */;
		};
		57B122620946EB366A56BBB5 /* PBXTargetDependency */ = {
			isa = PBXTargetDependency;
			target = C2968D6AD9907402524E1675 /* TodoFocusMac */;
			targetProxy = 0495F4D36888244E25AD85D0 /* PBXContainerItemProxy */;
		};
		8B4254A6C7C73DE4ED490B06 /* PBXTargetDependency */ = {
			isa = PBXTargetDependency;
			target = C2968D6AD9907402524E1675 /* TodoFocusMac */;
			targetProxy = ECEA80CCC2E90206E14B976D /* PBXContainerItemProxy */;
		};
		C32058E9F17DD7A578457E98 /* PBXTargetDependency */ = {
			isa = PBXTargetDependency;
			target = 31D85DC8B11A34385F085654 /* TodoFocusAgent */;
			targetProxy = DDADA53829C1E8BAC028C093 /* PBXContainerItemProxy */;
		};
/* End PBXTargetDependency section */

/* Begin XCBuildConfiguration section */
		29045810AE96EDF268AFE669 /* Release */ = {
			isa = XCBuildConfiguration;
			buildSettings = {
				CODE_SIGN_IDENTITY = "-";
				CODE_SIGN_STYLE = Manual;
				COMBINE_HIDPI_IMAGES = YES;
				ENABLE_HARDENED_RUNTIME = YES;
				LD_RUNPATH_SEARCH_PATHS = (
					"$(inherited)",
					"@executable_path/../Frameworks",
				);
				PRODUCT_BUNDLE_IDENTIFIER = com.michaelmjhhhh.todofocus.agent;
				PRODUCT_NAME = TodoFocusAgent;
				SDKROOT = macosx;
				SWIFT_VERSION = 6.0;
			};
			name = Release;
		};
		2D02EC928E92E1AF5829215B /* Debug */ = {
			isa = XCBuildConfiguration;
			buildSettings = {
				ALWAYS_SEARCH_USER_PATHS = NO;
				CLANG_ANALYZER_NONNULL = YES;
				CLANG_ANALYZER_NUMBER_OBJECT_CONVERSION = YES_AGGRESSIVE;
				CLANG_CXX_LANGUAGE_STANDARD = "gnu++14";
				CLANG_CXX_LIBRARY = "libc++";
				CLANG_ENABLE_MODULES = YES;
				CLANG_ENABLE_OBJC_ARC = YES;
				CLANG_ENABLE_OBJC_WEAK = YES;
				CLANG_WARN_BLOCK_CAPTURE_AUTORELEASING = YES;
				CLANG_WARN_BOOL_CONVERSION = YES;
				CLANG_WARN_COMMA = YES;
				CLANG_WARN_CONSTANT_CONVERSION = YES;
				CLANG_WARN_DEPRECATED_OBJC_IMPLEMENTATIONS = YES;
				CLANG_WARN_DIRECT_OBJC_ISA_USAGE = YES_ERROR;
				CLANG_WARN_DOCUMENTATION_COMMENTS = YES;
				CLANG_WARN_EMPTY_BODY = YES;
				CLANG_WARN_ENUM_CONVERSION = YES;
				CLANG_WARN_INFINITE_RECURSION = YES;
				CLANG_WARN_INT_CONVERSION = YES;
				CLANG_WARN_NON_LITERAL_NULL_CONVERSION = YES;
				CLANG_WARN_OBJC_IMPLICIT_RETAIN_SELF = YES;
				CLANG_WARN_OBJC_LITERAL_CONVERSION = YES;
				CLANG_WARN_OBJC_ROOT_CLASS = YES_ERROR;
				CLANG_WARN_QUOTED_INCLUDE_IN_FRAMEWORK_HEADER = YES;
				CLANG_WARN_RANGE_LOOP_ANALYSIS = YES;
				CLANG_WARN_STRICT_PROTOTYPES = YES;
				CLANG_WARN_SUSPICIOUS_MOVE = YES;
				CLANG_WARN_UNGUARDED_AVAILABILITY = YES_AGGRESSIVE;
				CLANG_WARN_UNREACHABLE_CODE = YES;
				CLANG_WARN__DUPLICATE_METHOD_MATCH = YES;
				COPY_PHASE_STRIP = NO;
				DEBUG_INFORMATION_FORMAT = dwarf;
				ENABLE_STRICT_OBJC_MSGSEND = YES;
				ENABLE_TESTABILITY = YES;
				GCC_C_LANGUAGE_STANDARD = gnu11;
				GCC_DYNAMIC_NO_PIC = NO;
				GCC_NO_COMMON_BLOCKS = YES;
				GCC_OPTIMIZATION_LEVEL = 0;
				GCC_PREPROCESSOR_DEFINITIONS = (
					"$(inherited)",
					"DEBUG=1",
				);
				GCC_WARN_64_TO_32_BIT_CONVERSION = YES;
				GCC_WARN_ABOUT_RETURN_TYPE = YES_ERROR;
				GCC_WARN_UNDECLARED_SELECTOR = YES;
				GCC_WARN_UNINITIALIZED_AUTOS = YES_AGGRESSIVE;
				GCC_WARN_UNUSED_FUNCTION = YES;
				GCC_WARN_UNUSED_VARIABLE = YES;
				MACOSX_DEPLOYMENT_TARGET = 14.0;
				MTL_ENABLE_DEBUG_INFO = INCLUDE_SOURCE;
				MTL_FAST_MATH = YES;
				ONLY_ACTIVE_ARCH = YES;
				PRODUCT_BUNDLE_IDENTIFIER = com.michaelmjhhhh.todofocus.mac;
				PRODUCT_NAME = "$(TARGET_NAME)";
				SDKROOT = macosx;
				SWIFT_ACTIVE_COMPILATION_CONDITIONS = DEBUG;
				SWIFT_OPTIMIZATION_LEVEL = "-Onone";
				SWIFT_VERSION = 6.0;
			};
			name = Debug;
		};
		3E02DDE57763D3DCBC46995F /* Release */ = {
			isa = XCBuildConfiguration;
			buildSettings = {
				ALWAYS_SEARCH_USER_PATHS = NO;
				CLANG_ANALYZER_NONNULL = YES;
				CLANG_ANALYZER_NUMBER_OBJECT_CONVERSION = YES_AGGRESSIVE;
				CLANG_CXX_LANGUAGE_STANDARD = "gnu++14";
				CLANG_CXX_LIBRARY = "libc++";
				CLANG_ENABLE_MODULES = YES;
				CLANG_ENABLE_OBJC_ARC = YES;
				CLANG_ENABLE_OBJC_WEAK = YES;
				CLANG_WARN_BLOCK_CAPTURE_AUTORELEASING = YES;
				CLANG_WARN_BOOL_CONVERSION = YES;
				CLANG_WARN_COMMA = YES;
				CLANG_WARN_CONSTANT_CONVERSION = YES;
				CLANG_WARN_DEPRECATED_OBJC_IMPLEMENTATIONS = YES;
				CLANG_WARN_DIRECT_OBJC_ISA_USAGE = YES_ERROR;
				CLANG_WARN_DOCUMENTATION_COMMENTS = YES;
				CLANG_WARN_EMPTY_BODY = YES;
				CLANG_WARN_ENUM_CONVERSION = YES;
				CLANG_WARN_INFINITE_RECURSION = YES;
				CLANG_WARN_INT_CONVERSION = YES;
				CLANG_WARN_NON_LITERAL_NULL_CONVERSION = YES;
				CLANG_WARN_OBJC_IMPLICIT_RETAIN_SELF = YES;
				CLANG_WARN_OBJC_LITERAL_CONVERSION = YES;
				CLANG_WARN_OBJC_ROOT_CLASS = YES_ERROR;
				CLANG_WARN_QUOTED_INCLUDE_IN_FRAMEWORK_HEADER = YES;
				CLANG_WARN_RANGE_LOOP_ANALYSIS = YES;
				CLANG_WARN_STRICT_PROTOTYPES = YES;
				CLANG_WARN_SUSPICIOUS_MOVE = YES;
				CLANG_WARN_UNGUARDED_AVAILABILITY = YES_AGGRESSIVE;
				CLANG_WARN_UNREACHABLE_CODE = YES;
				CLANG_WARN__DUPLICATE_METHOD_MATCH = YES;
				COPY_PHASE_STRIP = NO;
				DEBUG_INFORMATION_FORMAT = "dwarf-with-dsym";
				ENABLE_NS_ASSERTIONS = NO;
				ENABLE_STRICT_OBJC_MSGSEND = YES;
				GCC_C_LANGUAGE_STANDARD = gnu11;
				GCC_NO_COMMON_BLOCKS = YES;
				GCC_WARN_64_TO_32_BIT_CONVERSION = YES;
				GCC_WARN_ABOUT_RETURN_TYPE = YES_ERROR;
				GCC_WARN_UNDECLARED_SELECTOR = YES;
				GCC_WARN_UNINITIALIZED_AUTOS = YES_AGGRESSIVE;
				GCC_WARN_UNUSED_FUNCTION = YES;
				GCC_WARN_UNUSED_VARIABLE = YES;
				MACOSX_DEPLOYMENT_TARGET = 14.0;
				MTL_ENABLE_DEBUG_INFO = NO;
				MTL_FAST_MATH = YES;
				PRODUCT_BUNDLE_IDENTIFIER = com.michaelmjhhhh.todofocus.mac;
				PRODUCT_NAME = "$(TARGET_NAME)";
				SDKROOT = macosx;
				SWIFT_COMPILATION_MODE = wholemodule;
				SWIFT_OPTIMIZATION_LEVEL = "-O";
				SWIFT_VERSION = 6.0;
			};
			name = Release;
		};
		52D788935FEC1DFC6823F4E9 /* Release */ = {
			isa = XCBuildConfiguration;
			buildSettings = {
				APPLICATION_EXTENSION_API_ONLY = YES;
				COMBINE_HIDPI_IMAGES = YES;
				INFOPLIST_FILE = "WidgetExtension-Info.plist";
				LD_RUNPATH_SEARCH_PATHS = (
					"$(inherited)",
					"@executable_path/../Frameworks",
					"@executable_path/../../../../Frameworks",
				);
				PRODUCT_BUNDLE_IDENTIFIER = com.michaelmjhhhh.todofocus.mac.widget;
				PRODUCT_NAME = TodoFocusWidgetExtension;
				SDKROOT = macosx;
			};
			name = Release;
		};
		53167BABB737693795AD6D1C /* Debug */ = {
			isa = XCBuildConfiguration;
			buildSettings = {
				CODE_SIGN_IDENTITY = "-";
				CODE_SIGN_STYLE = Manual;
				COMBINE_HIDPI_IMAGES = YES;
				ENABLE_HARDENED_RUNTIME = YES;
				LD_RUNPATH_SEARCH_PATHS = (
					"$(inherited)",
					"@executable_path/../Frameworks",
				);
				PRODUCT_BUNDLE_IDENTIFIER = com.michaelmjhhhh.todofocus.agent;
				PRODUCT_NAME = TodoFocusAgent;
				SDKROOT = macosx;
				SWIFT_VERSION = 6.0;
			};
			name = Debug;
		};
		557743686E341BAB15138703 /* Debug */ = {
			isa = XCBuildConfiguration;
			buildSettings = {
				BUNDLE_LOADER = "$(TEST_HOST)";
				COMBINE_HIDPI_IMAGES = YES;
				GENERATE_INFOPLIST_FILE = YES;
				LD_RUNPATH_SEARCH_PATHS = (
					"$(inherited)",
					"@executable_path/../Frameworks",
					"@loader_path/../Frameworks",
				);
				SDKROOT = macosx;
				TEST_HOST = "$(BUILT_PRODUCTS_DIR)/TodoFocusMac.app/Contents/MacOS/TodoFocusMac";
			};
			name = Debug;
		};
		5A07EE567CCC8F76CDB514D4 /* Debug */ = {
			isa = XCBuildConfiguration;
			buildSettings = {
				BUNDLE_LOADER = "$(TEST_HOST)";
				COMBINE_HIDPI_IMAGES = YES;
				GENERATE_INFOPLIST_FILE = YES;
				LD_RUNPATH_SEARCH_PATHS = (
					"$(inherited)",
					"@executable_path/../Frameworks",
					"@loader_path/../Frameworks",
				);
				SDKROOT = macosx;
				TEST_HOST = "$(BUILT_PRODUCTS_DIR)/TodoFocusMac.app/Contents/MacOS/TodoFocusMac";
			};
			name = Debug;
		};
		7918270EF0ACCE564C8BBA83 /* Release */ = {
			isa = XCBuildConfiguration;
			buildSettings = {
				ASSETCATALOG_COMPILER_APPICON_NAME = AppIcon;
				COMBINE_HIDPI_IMAGES = YES;
				INFOPLIST_FILE = Info.plist;
				LD_RUNPATH_SEARCH_PATHS = (
					"$(inherited)",
					"@executable_path/../Frameworks",
				);
				MACOSX_DEPLOYMENT_TARGET = 14.0;
				PRODUCT_NAME = TodoFocusMac;
				SDKROOT = macosx;
			};
			name = Release;
		};
		81F6D2B5FF9814DE6B9BED7E /* Debug */ = {
			isa = XCBuildConfiguration;
			buildSettings = {
				APPLICATION_EXTENSION_API_ONLY = YES;
				COMBINE_HIDPI_IMAGES = YES;
				INFOPLIST_FILE = "WidgetExtension-Info.plist";
				LD_RUNPATH_SEARCH_PATHS = (
					"$(inherited)",
					"@executable_path/../Frameworks",
					"@executable_path/../../../../Frameworks",
				);
				PRODUCT_BUNDLE_IDENTIFIER = com.michaelmjhhhh.todofocus.mac.widget;
				PRODUCT_NAME = TodoFocusWidgetExtension;
				SDKROOT = macosx;
			};
			name = Debug;
		};
		9E2DAEC837B97F20195EBAB7 /* Release */ = {
			isa = XCBuildConfiguration;
			buildSettings = {
				BUNDLE_LOADER = "$(TEST_HOST)";
				COMBINE_HIDPI_IMAGES = YES;
				GENERATE_INFOPLIST_FILE = YES;
				LD_RUNPATH_SEARCH_PATHS = (
					"$(inherited)",
					"@executable_path/../Frameworks",
					"@loader_path/../Frameworks",
				);
				SDKROOT = macosx;
				TEST_HOST = "$(BUILT_PRODUCTS_DIR)/TodoFocusMac.app/Contents/MacOS/TodoFocusMac";
			};
			name = Release;
		};
		AAAE5CAFFFFA52548D23C4CC /* Debug */ = {
			isa = XCBuildConfiguration;
			buildSettings = {
				ASSETCATALOG_COMPILER_APPICON_NAME = AppIcon;
				COMBINE_HIDPI_IMAGES = YES;
				INFOPLIST_FILE = Info.plist;
				LD_RUNPATH_SEARCH_PATHS = (
					"$(inherited)",
					"@executable_path/../Frameworks",
				);
				MACOSX_DEPLOYMENT_TARGET = 14.0;
				PRODUCT_NAME = TodoFocusMac;
				SDKROOT = macosx;
			};
			name = Debug;
		};
		D00EB21ED02211E573F74B46 /* Release */ = {
			isa = XCBuildConfiguration;
			buildSettings = {
				BUNDLE_LOADER = "$(TEST_HOST)";
				COMBINE_HIDPI_IMAGES = YES;
				GENERATE_INFOPLIST_FILE = YES;
				LD_RUNPATH_SEARCH_PATHS = (
					"$(inherited)",
					"@executable_path/../Frameworks",
					"@loader_path/../Frameworks",
				);
				SDKROOT = macosx;
				TEST_HOST = "$(BUILT_PRODUCTS_DIR)/TodoFocusMac.app/Contents/MacOS/TodoFocusMac";
			};
			name = Release;
		};
/* End XCBuildConfiguration section */

/* Begin XCConfigurationList section */
		06934D335F9BE99CEE262BEB /* Build configuration list for PBXNativeTarget "CoreTests" */ = {
			isa = XCConfigurationList;
			buildConfigurations = (
				5A07EE567CCC8F76CDB514D4 /* Debug */,
				D00EB21ED02211E573F74B46 /* Release */,
			);
			defaultConfigurationIsVisible = 0;
			defaultConfigurationName = Debug;
		};
		07B4DD30D1B0C7B6A157D510 /* Build configuration list for PBXNativeTarget "TodoFocusWidgetExtension" */ = {
			isa = XCConfigurationList;
			buildConfigurations = (
				81F6D2B5FF9814DE6B9BED7E /* Debug */,
				52D788935FEC1DFC6823F4E9 /* Release */,
			);
			defaultConfigurationIsVisible = 0;
			defaultConfigurationName = Debug;
		};
		3856FD467212BD229436ECA9 /* Build configuration list for PBXNativeTarget "DataTests" */ = {
			isa = XCConfigurationList;
			buildConfigurations = (
				557743686E341BAB15138703 /* Debug */,
				9E2DAEC837B97F20195EBAB7 /* Release */,
			);
			defaultConfigurationIsVisible = 0;
			defaultConfigurationName = Debug;
		};
		40BC88B4EF27C5BD987C9D3E /* Build configuration list for PBXProject "TodoFocusMac" */ = {
			isa = XCConfigurationList;
			buildConfigurations = (
				2D02EC928E92E1AF5829215B /* Debug */,
				3E02DDE57763D3DCBC46995F /* Release */,
			);
			defaultConfigurationIsVisible = 0;
			defaultConfigurationName = Debug;
		};
		5A82BCCE02433A1B20476FAA /* Build configuration list for PBXNativeTarget "TodoFocusAgent" */ = {
			isa = XCConfigurationList;
			buildConfigurations = (
				53167BABB737693795AD6D1C /* Debug */,
				29045810AE96EDF268AFE669 /* Release */,
			);
			defaultConfigurationIsVisible = 0;
			defaultConfigurationName = Debug;
		};
		D9B6D0C786F41C2E36160ECC /* Build configuration list for PBXNativeTarget "TodoFocusMac" */ = {
			isa = XCConfigurationList;
			buildConfigurations = (
				AAAE5CAFFFFA52548D23C4CC /* Debug */,
				7918270EF0ACCE564C8BBA83 /* Release */,
			);
			defaultConfigurationIsVisible = 0;
			defaultConfigurationName = Debug;
		};
/* End XCConfigurationList section */

/* Begin XCLocalSwiftPackageReference section */
		EE69965BD1CA86230278DE8B /* XCLocalSwiftPackageReference "../../vendor/GRDB.swift" */ = {
			isa = XCLocalSwiftPackageReference;
			relativePath = ../../vendor/GRDB.swift;
		};
/* End XCLocalSwiftPackageReference section */

/* Begin XCSwiftPackageProductDependency section */
		24C8B9242CA9CA31D8088E71 /* GRDB */ = {
			isa = XCSwiftPackageProductDependency;
			productName = GRDB;
		};
		37296F1B51752E30FD8B0936 /* GRDB */ = {
			isa = XCSwiftPackageProductDependency;
			productName = GRDB;
		};
		3C14523A1F60CB034FBD9527 /* GRDB */ = {
			isa = XCSwiftPackageProductDependency;
			productName = GRDB;
		};
		CE5F3BDE707034517F4204D9 /* GRDB */ = {
			isa = XCSwiftPackageProductDependency;
			productName = GRDB;
		};
/* End XCSwiftPackageProductDependency section */
	};
	rootObject = FE0E6CDD0131E5ACC4975FD3 /* Project object */;
}
